// !$*UTF8*$!
{
	archiveVersion = 1;
	classes = {
	};
	objectVersion = 46;
	objects = {

/* Begin PBXBuildFile section */
		03F528631B447098000F4FB8 /* Il2CppOptions.cpp in Sources */ = {isa = PBXBuildFile; fileRef = 03F528621B447098000F4FB8 /* Il2CppOptions.cpp */; };
		08B24F76137BFDFA00FBA309 /* iAd.framework in Frameworks */ = {isa = PBXBuildFile; fileRef = 08B24F75137BFDFA00FBA309 /* iAd.framework */; settings = {ATTRIBUTES = (Weak, ); }; };
		08E14576AABBEE4CB6977B80 /* Bulk_mscorlib_1.cpp in Sources */ = {isa = PBXBuildFile; fileRef = 0FC34294985A57472824A579 /* Bulk_mscorlib_1.cpp */; };
		14284739BFA13A24F5B6CFBE /* Il2CppTypeDefinitions.cpp in Sources */ = {isa = PBXBuildFile; fileRef = 68CC40DC923AF3FF9C6AC6E2 /* Il2CppTypeDefinitions.cpp */; };
		17CB408B862592FD9AC9314A /* Bulk_Generics_1.cpp in Sources */ = {isa = PBXBuildFile; fileRef = 44C042FEA6D44014C3A34BA1 /* Bulk_Generics_1.cpp */; };
		1859EA9B19214E7B0022C3D3 /* MetalHelper.mm in Sources */ = {isa = PBXBuildFile; fileRef = 1859EA9A19214E7B0022C3D3 /* MetalHelper.mm */; };
		1C9747178668ABAAC1DEF465 /* Il2CppMethodReferences.cpp in Sources */ = {isa = PBXBuildFile; fileRef = EA0342B68E63EA451C5C96A5 /* Il2CppMethodReferences.cpp */; };
		1D60589F0D05DD5A006BFB54 /* Foundation.framework in Frameworks */ = {isa = PBXBuildFile; fileRef = 1D30AB110D05D00D00671497 /* Foundation.framework */; };
		1F244699A98849639A351FDD /* Il2CppGenericInstDefinitions.cpp in Sources */ = {isa = PBXBuildFile; fileRef = 790C404CB91FF2630C25A0CD /* Il2CppGenericInstDefinitions.cpp */; };
		21FF4639BF32CF02D13B0C03 /* Bulk_Mono.Security_1.cpp in Sources */ = {isa = PBXBuildFile; fileRef = 303846499B80C77DB6299F0C /* Bulk_Mono.Security_1.cpp */; };
		283844A39581DF868D88B59D /* Bulk_mscorlib_3.cpp in Sources */ = {isa = PBXBuildFile; fileRef = 057E421CB377AB63E3823350 /* Bulk_mscorlib_3.cpp */; };
		28F26DD21B9B36F200C5D712 /* AppDelegate.m in Sources */ = {isa = PBXBuildFile; fileRef = 28F26DCB1B9B36F200C5D712 /* AppDelegate.m */; };
		28F26DD91B9B37DF00C5D712 /* UnityParentViewController.m in Sources */ = {isa = PBXBuildFile; fileRef = 28F26DD71B9B37DF00C5D712 /* UnityParentViewController.m */; };
		28F26DDA1B9B37DF00C5D712 /* UnityParentViewController.xib in Resources */ = {isa = PBXBuildFile; fileRef = 28F26DD81B9B37DF00C5D712 /* UnityParentViewController.xib */; };
		38A746C69886203D6CB1111F /* Bulk_Mono.Security_0.cpp in Sources */ = {isa = PBXBuildFile; fileRef = 162949B5B795722731B5D8EB /* Bulk_Mono.Security_0.cpp */; };
		39B8424996B0FB6F4EE6D9A1 /* Il2CppMetadataRegistration.cpp in Sources */ = {isa = PBXBuildFile; fileRef = 146641C7AC67BD57BD585EDB /* Il2CppMetadataRegistration.cpp */; };
		3FBA4EC4BB76089342C2FC62 /* Bulk_Generics_3.cpp in Sources */ = {isa = PBXBuildFile; fileRef = 6E414A63A421D6B8C2DD839C /* Bulk_Generics_3.cpp */; };
		4045453DA3688DA63923425C /* Il2CppDelegateWrappersManagedToNativeTable.cpp in Sources */ = {isa = PBXBuildFile; fileRef = 599446B6AD87A54B48F60DA4 /* Il2CppDelegateWrappersManagedToNativeTable.cpp */; };
		484B43ADADC4204C2F0812CD /* Bulk_System.Core_0.cpp in Sources */ = {isa = PBXBuildFile; fileRef = 1F7F4726BF01F21BA265384D /* Bulk_System.Core_0.cpp */; };
		4855458C83A33E1F08F065E3 /* Bulk_mscorlib_0.cpp in Sources */ = {isa = PBXBuildFile; fileRef = FC3E4D6CAEF3196DDB10DC30 /* Bulk_mscorlib_0.cpp */; };
		497D4E37AF12E2D7D13D8DBB /* UnityClassRegistration.cpp in Sources */ = {isa = PBXBuildFile; fileRef = FCF948D386937C9E98924040 /* UnityClassRegistration.cpp */; };
		4BF2486C8E6358B743EC3892 /* Bulk_Generics_0.cpp in Sources */ = {isa = PBXBuildFile; fileRef = A659407A9BD21A35277C4C94 /* Bulk_Generics_0.cpp */; };
		5623C57617FDCB0800090B9E /* Foundation.framework in Frameworks */ = {isa = PBXBuildFile; fileRef = 1D30AB110D05D00D00671497 /* Foundation.framework */; };
		5623C57717FDCB0800090B9E /* UIKit.framework in Frameworks */ = {isa = PBXBuildFile; fileRef = 830B5C100E5ED4C100C7819F /* UIKit.framework */; };
		5623C57D17FDCB0900090B9E /* InfoPlist.strings in Resources */ = {isa = PBXBuildFile; fileRef = 5623C57B17FDCB0900090B9E /* InfoPlist.strings */; };
		5623C57F17FDCB0900090B9E /* Unity_iPhone_Tests.m in Sources */ = {isa = PBXBuildFile; fileRef = 5623C57E17FDCB0900090B9E /* Unity_iPhone_Tests.m */; };
		5682F4B20F3B34FF007A219C /* MediaPlayer.framework in Frameworks */ = {isa = PBXBuildFile; fileRef = 5682F4B10F3B34FF007A219C /* MediaPlayer.framework */; };
		5692F3DD0FA9D8E500EBA2F1 /* CoreLocation.framework in Frameworks */ = {isa = PBXBuildFile; fileRef = 5692F3DC0FA9D8E500EBA2F1 /* CoreLocation.framework */; };
		56B7959B1442E0F20026B3DD /* CoreGraphics.framework in Frameworks */ = {isa = PBXBuildFile; fileRef = 56B7959A1442E0F20026B3DD /* CoreGraphics.framework */; };
		56B7960F1442E1770026B3DD /* CoreMotion.framework in Frameworks */ = {isa = PBXBuildFile; fileRef = 56B795C11442E1100026B3DD /* CoreMotion.framework */; settings = {ATTRIBUTES = (Weak, ); }; };
		56BCBA390FCF049A0030C3B2 /* SystemConfiguration.framework in Frameworks */ = {isa = PBXBuildFile; fileRef = 56BCBA380FCF049A0030C3B2 /* SystemConfiguration.framework */; };
		56C56C9817D6015200616839 /* Images.xcassets in Resources */ = {isa = PBXBuildFile; fileRef = 56C56C9717D6015100616839 /* Images.xcassets */; };
		56DA41F1A99B4F2F4E699241 /* Il2CppCodeRegistration.cpp in Sources */ = {isa = PBXBuildFile; fileRef = A8B14449B4550F24EB7A9B11 /* Il2CppCodeRegistration.cpp */; };
		56DBF99D15E3CDC9007A4A8D /* iPhone_Sensors.mm in Sources */ = {isa = PBXBuildFile; fileRef = 56DBF99C15E3CDC9007A4A8D /* iPhone_Sensors.mm */; };
		56FD43960ED4745200FE3770 /* CFNetwork.framework in Frameworks */ = {isa = PBXBuildFile; fileRef = 56FD43950ED4745200FE3770 /* CFNetwork.framework */; };
		596F4C3F9FD08D1BFE3CFF0A /* LaunchScreenImage-Portrait.png in Resources */ = {isa = PBXBuildFile; fileRef = FCFD47EC9ADA65BC97BE1D63 /* LaunchScreenImage-Portrait.png */; };
		5DA5490CADCF983530EF20FA /* Bulk_mscorlib_4.cpp in Sources */ = {isa = PBXBuildFile; fileRef = 6DCA451D8EB482D0755072F0 /* Bulk_mscorlib_4.cpp */; };
		62A34B96B061090ECE958886 /* Il2CppMarshalingFunctionsTable.cpp in Sources */ = {isa = PBXBuildFile; fileRef = 29934604887DB35C865CE433 /* Il2CppMarshalingFunctionsTable.cpp */; };
		7EDD4F998840EC14D1626273 /* LaunchScreenImage-Landscape.png in Resources */ = {isa = PBXBuildFile; fileRef = DFE74A3692EBB7CAAEC856CF /* LaunchScreenImage-Landscape.png */; };
		7F36C11113C5C673007FBDD9 /* CoreMedia.framework in Frameworks */ = {isa = PBXBuildFile; fileRef = 7F36C10E13C5C673007FBDD9 /* CoreMedia.framework */; };
		7F36C11213C5C673007FBDD9 /* CoreVideo.framework in Frameworks */ = {isa = PBXBuildFile; fileRef = 7F36C10F13C5C673007FBDD9 /* CoreVideo.framework */; };
		7F36C11313C5C673007FBDD9 /* AVFoundation.framework in Frameworks */ = {isa = PBXBuildFile; fileRef = 7F36C11013C5C673007FBDD9 /* AVFoundation.framework */; settings = {ATTRIBUTES = (Weak, ); }; };
		830B5C110E5ED4C100C7819F /* UIKit.framework in Frameworks */ = {isa = PBXBuildFile; fileRef = 830B5C100E5ED4C100C7819F /* UIKit.framework */; };
		8358D1B80ED1CC3700E3A684 /* AudioToolbox.framework in Frameworks */ = {isa = PBXBuildFile; fileRef = 8358D1B70ED1CC3700E3A684 /* AudioToolbox.framework */; };
		83B256E20E62FEA000468741 /* OpenGLES.framework in Frameworks */ = {isa = PBXBuildFile; fileRef = 83B256E10E62FEA000468741 /* OpenGLES.framework */; };
		83B2570B0E62FF8A00468741 /* QuartzCore.framework in Frameworks */ = {isa = PBXBuildFile; fileRef = 83B2570A0E62FF8A00468741 /* QuartzCore.framework */; };
		83B2574C0E63022200468741 /* OpenAL.framework in Frameworks */ = {isa = PBXBuildFile; fileRef = 83B2574B0E63022200468741 /* OpenAL.framework */; };
		83B2574F0E63025400468741 /* libiconv.2.dylib in Frameworks */ = {isa = PBXBuildFile; fileRef = 83B2574E0E63025400468741 /* libiconv.2.dylib */; };
		87DE4F368DC416D59F3E88B3 /* Bulk_System_0.cpp in Sources */ = {isa = PBXBuildFile; fileRef = E40440B9BD0F15AD6386B0E3 /* Bulk_System_0.cpp */; };
		88074BA3B84EAC3868F078B8 /* Il2CppCompilerCalculateTypeValuesTable.cpp in Sources */ = {isa = PBXBuildFile; fileRef = 739A4B9DB4C869CA6E07A056 /* Il2CppCompilerCalculateTypeValuesTable.cpp */; };
		8A07E1061715A5AB000EDC6F /* iAD.mm in Sources */ = {isa = PBXBuildFile; fileRef = 8A07E1051715A5AB000EDC6F /* iAD.mm */; };
		8A0FED491649699200E9727D /* EAGLContextHelper.mm in Sources */ = {isa = PBXBuildFile; fileRef = 8A0FED481649699200E9727D /* EAGLContextHelper.mm */; };
		8A142DC61636943E00DD87CA /* Keyboard.mm in Sources */ = {isa = PBXBuildFile; fileRef = 8A142DC51636943E00DD87CA /* Keyboard.mm */; };
		8A16150C1A8E4362006FA788 /* MPVideoPlayer.mm in Sources */ = {isa = PBXBuildFile; fileRef = 8A16150B1A8E4362006FA788 /* MPVideoPlayer.mm */; };
		8A1FFFAD16512A9000DD0934 /* GlesHelper.mm in Sources */ = {isa = PBXBuildFile; fileRef = 8A1FFFAC16512A9000DD0934 /* GlesHelper.mm */; };
		8A21AED41622F59300AF8007 /* UnityViewControllerBase.mm in Sources */ = {isa = PBXBuildFile; fileRef = 8A21AED31622F59300AF8007 /* UnityViewControllerBase.mm */; };
		8A25E6D218D767E20006A227 /* Filesystem.mm in Sources */ = {isa = PBXBuildFile; fileRef = 8A25E6D118D767E20006A227 /* Filesystem.mm */; };
		8A2AA93516E0978D001FB470 /* CMVideoSampling.mm in Sources */ = {isa = PBXBuildFile; fileRef = 8A2AA93416E0978D001FB470 /* CMVideoSampling.mm */; };
		8A367F5B16A6D36F0012ED11 /* CVTextureCache.mm in Sources */ = {isa = PBXBuildFile; fileRef = 8A367F5A16A6D36F0012ED11 /* CVTextureCache.mm */; };
		8A3EDDC81615B7C1001839E9 /* SplashScreen.mm in Sources */ = {isa = PBXBuildFile; fileRef = 8A3EDDC71615B7C1001839E9 /* SplashScreen.mm */; };
		8A4815C117A28E7F003FBFD5 /* UnityAppController+ViewHandling.mm in Sources */ = {isa = PBXBuildFile; fileRef = 8A4815C017A287D2003FBFD5 /* UnityAppController+ViewHandling.mm */; };
		8A5C1492174E662D0006EB36 /* RenderPluginDelegate.mm in Sources */ = {isa = PBXBuildFile; fileRef = 8A5C1491174E662D0006EB36 /* RenderPluginDelegate.mm */; };
		8A5E0B9116849D1800CBB6FE /* DisplayManager.mm in Sources */ = {isa = PBXBuildFile; fileRef = 8A5E0B9016849D1800CBB6FE /* DisplayManager.mm */; };
		8A6137141A10BCA200059EDF /* ObjCRuntime.mm in Sources */ = {isa = PBXBuildFile; fileRef = 8A6137131A10BCA200059EDF /* ObjCRuntime.mm */; };
		8A6720A519EEB905006C92E0 /* InternalProfiler.cpp in Sources */ = {isa = PBXBuildFile; fileRef = 8A6720A319EEB905006C92E0 /* InternalProfiler.cpp */; };
		8A7057D1171EA29600A1332D /* iAD_Scripting.mm in Sources */ = {isa = PBXBuildFile; fileRef = 8A7057D0171EA29600A1332D /* iAD_Scripting.mm */; };
		8A851BA716FB2F6D00E911DB /* UnityView.mm in Sources */ = {isa = PBXBuildFile; fileRef = 8A851BA616FB2F6D00E911DB /* UnityView.mm */; };
		8A851BAA16FB3AD000E911DB /* UnityAppController.mm in Sources */ = {isa = PBXBuildFile; fileRef = 8A851BA916FB3AD000E911DB /* UnityAppController.mm */; };
		8A8D90DA1A274A7800456C4E /* UnityAppController+UnityInterface.mm in Sources */ = {isa = PBXBuildFile; fileRef = 8A8D90D91A274A7800456C4E /* UnityAppController+UnityInterface.mm */; };
		8A9FCB131617295F00C05364 /* ActivityIndicator.mm in Sources */ = {isa = PBXBuildFile; fileRef = 8A9FCB121617295F00C05364 /* ActivityIndicator.mm */; };
		8AA568AE1827DD79004969C7 /* WWWConnection.mm in Sources */ = {isa = PBXBuildFile; fileRef = 8AA568AD1827DD79004969C7 /* WWWConnection.mm */; };
		8AA5D80217ABE9AF007B9910 /* UnityAppController+Rendering.mm in Sources */ = {isa = PBXBuildFile; fileRef = 8AA5D80117ABE9AF007B9910 /* UnityAppController+Rendering.mm */; };
		8AB3CB3E16D390BB00697AD5 /* VideoPlayer.mm in Sources */ = {isa = PBXBuildFile; fileRef = 8AB3CB3D16D390BB00697AD5 /* VideoPlayer.mm */; };
		8AC71EC419E7FBA90027502F /* OrientationSupport.mm in Sources */ = {isa = PBXBuildFile; fileRef = 8AC71EC319E7FBA90027502F /* OrientationSupport.mm */; };
		8AC74A9519B47FEF00019D38 /* AVCapture.mm in Sources */ = {isa = PBXBuildFile; fileRef = 8AC74A9419B47FEF00019D38 /* AVCapture.mm */; };
		8ACB801C177081D4005D0019 /* DeviceSettings.mm in Sources */ = {isa = PBXBuildFile; fileRef = 8ACB801B177081D4005D0019 /* DeviceSettings.mm */; };
		8ADCE38B19C87177006F04F6 /* CameraCapture.mm in Sources */ = {isa = PBXBuildFile; fileRef = 8ADCE38A19C87177006F04F6 /* CameraCapture.mm */; };
		8AF7755D1799329100341121 /* LifeCycleListener.mm in Sources */ = {isa = PBXBuildFile; fileRef = 8A292A9817992CE100409BA4 /* LifeCycleListener.mm */; };
		8AF7756017997D2700341121 /* AppDelegateListener.mm in Sources */ = {isa = PBXBuildFile; fileRef = 8AF7755F17997D1300341121 /* AppDelegateListener.mm */; };
		8D92456C981354067741CE5F /* Bulk_mscorlib_5.cpp in Sources */ = {isa = PBXBuildFile; fileRef = 51CA402E9B5589ED8DA0F76A /* Bulk_mscorlib_5.cpp */; };
		9ABE4688B27C99CF1A9A53B9 /* Il2CppAttributes.cpp in Sources */ = {isa = PBXBuildFile; fileRef = D1D846F3BB6A3544B8E9F6F2 /* Il2CppAttributes.cpp */; };
		9C8C476E951D93FF39E3D6CE /* Il2CppInvokerTable.cpp in Sources */ = {isa = PBXBuildFile; fileRef = 5FB745CC8DDBB0DB5F618D44 /* Il2CppInvokerTable.cpp */; };
		9EAF4529B38F9FBDB3FC12B7 /* Bulk_mscorlib_2.cpp in Sources */ = {isa = PBXBuildFile; fileRef = 6FCB4D279C6BD74CD8882524 /* Bulk_mscorlib_2.cpp */; };
		A2704950A4888FFF29D6E9E0 /* Bulk_UnityEngine_1.cpp in Sources */ = {isa = PBXBuildFile; fileRef = 907F48DBBA882D2F1D16B046 /* Bulk_UnityEngine_1.cpp */; };
		A31F472BBB1E5307CD2224F1 /* Il2CppGenericMethodTable.cpp in Sources */ = {isa = PBXBuildFile; fileRef = 433A43158485B69C27BEA6F8 /* Il2CppGenericMethodTable.cpp */; };
		A369468DBBA6B84C2212274D /* Il2CppGenericMethodDefinitions.cpp in Sources */ = {isa = PBXBuildFile; fileRef = 28EB4065BEA40A79EFB39F44 /* Il2CppGenericMethodDefinitions.cpp */; };
		A8984A1F998D6999B10F1EE2 /* LaunchScreen.xib in Resources */ = {isa = PBXBuildFile; fileRef = 6F3E47D4B63DC141AB19978B /* LaunchScreen.xib */; };
		AA4B4FB1B2C9D927FDD37A9E /* Bulk_Generics_5.cpp in Sources */ = {isa = PBXBuildFile; fileRef = FA0E4BDF972B7A423FC040D4 /* Bulk_Generics_5.cpp */; };
		AA5D99871AFAD3C800B27605 /* CoreText.framework in Frameworks */ = {isa = PBXBuildFile; fileRef = AA5D99861AFAD3C800B27605 /* CoreText.framework */; };
		AAC3E38D1A68945900F6174A /* RegisterFeatures.cpp in Sources */ = {isa = PBXBuildFile; fileRef = AAC3E38B1A68945900F6174A /* RegisterFeatures.cpp */; };
		AAFE69D219F187C200638316 /* UnityViewControllerListener.mm in Sources */ = {isa = PBXBuildFile; fileRef = AAFE69D119F187C200638316 /* UnityViewControllerListener.mm */; };
		AD78457B836A6F352A6971B1 /* Il2CppMetadataUsage.cpp in Sources */ = {isa = PBXBuildFile; fileRef = 92EF4BEFB525FF9E737DB572 /* Il2CppMetadataUsage.cpp */; };
		B0A5404E8177463915E0CEF0 /* UnityICallRegistration.cpp in Sources */ = {isa = PBXBuildFile; fileRef = B0E44D03BDCC832777FA8A69 /* UnityICallRegistration.cpp */; };
		B15E4E6291EA475148C4B85F /* GenericMethods0.cpp in Sources */ = {isa = PBXBuildFile; fileRef = EF8D4032AB0CCCB0EDA8F5A8 /* GenericMethods0.cpp */; };
		B3604F9A84CD4BF50DF19C32 /* Bulk_Generics_4.cpp in Sources */ = {isa = PBXBuildFile; fileRef = 669A4A638681E921C7CC7081 /* Bulk_Generics_4.cpp */; };
		B58D402BB96CAC1B247AA3FA /* Bulk_Generics_2.cpp in Sources */ = {isa = PBXBuildFile; fileRef = BCF641E0BC9D05946E46BCDF /* Bulk_Generics_2.cpp */; };
		C37247F3B091E8D70E8DE66D /* Bulk_System_1.cpp in Sources */ = {isa = PBXBuildFile; fileRef = AC83409BAB0824CF7A818897 /* Bulk_System_1.cpp */; };
		C6CD4578BE4D5F18C844AE30 /* Bulk_UnityEngine_2.cpp in Sources */ = {isa = PBXBuildFile; fileRef = 3506425CA61BA3549A3C2BDC /* Bulk_UnityEngine_2.cpp */; };
		CF83439082451EC2AEE7FA23 /* Bulk_mscorlib_7.cpp in Sources */ = {isa = PBXBuildFile; fileRef = 2A2E4ED59CAE34024D12AA6A /* Bulk_mscorlib_7.cpp */; };
		D82DCFC30E8000A5005D6AD8 /* main.mm in Sources */ = {isa = PBXBuildFile; fileRef = D82DCFBB0E8000A5005D6AD8 /* main.mm */; };
		D8A1C7280E80637F000160D3 /* RegisterMonoModules.cpp in Sources */ = {isa = PBXBuildFile; fileRef = D8A1C7240E80637F000160D3 /* RegisterMonoModules.cpp */; };
		DFE34CF09CAA67491FF22822 /* Il2CppMethodPointerTable.cpp in Sources */ = {isa = PBXBuildFile; fileRef = C2244805861B34251B1A989A /* Il2CppMethodPointerTable.cpp */; };
		E2214503BBC78C99C0088306 /* libiPhone-lib.a in Frameworks */ = {isa = PBXBuildFile; fileRef = F12444D180E56348BB0D3ADC /* libiPhone-lib.a */; };
		EC4A4A0EBCECBD47A07D03D4 /* Il2CppGenericMethodPointerTable.cpp in Sources */ = {isa = PBXBuildFile; fileRef = F3CD45BFBFAA8864CA4BCDB3 /* Il2CppGenericMethodPointerTable.cpp */; };
		ED5A487C8A6908E4DAD417A5 /* Bulk_UnityEngine_0.cpp in Sources */ = {isa = PBXBuildFile; fileRef = D7E042A4827B73FEF4960926 /* Bulk_UnityEngine_0.cpp */; };
		F25C485FB32B6BB9D060FE47 /* Bulk_mscorlib_6.cpp in Sources */ = {isa = PBXBuildFile; fileRef = F1FD4018806022805E99BB35 /* Bulk_mscorlib_6.cpp */; };
		F52E4B579FBBA5491953B867 /* Il2CppGenericClassTable.cpp in Sources */ = {isa = PBXBuildFile; fileRef = E6814D7394FF3B08EDB30189 /* Il2CppGenericClassTable.cpp */; };
		FC85CCBB16C3ED8000BAF7C7 /* CrashReporter.mm in Sources */ = {isa = PBXBuildFile; fileRef = FC85CCB916C3ED8000BAF7C7 /* CrashReporter.mm */; };
/* End PBXBuildFile section */

/* Begin PBXContainerItemProxy section */
		5623C58117FDCB0900090B9E /* PBXContainerItemProxy */ = {
			isa = PBXContainerItemProxy;
			containerPortal = 29B97313FDCFA39411CA2CEA /* Project object */;
			proxyType = 1;
			remoteGlobalIDString = 1D6058900D05DD3D006BFB54;
			remoteInfo = "Unity-iPhone";
		};
/* End PBXContainerItemProxy section */

/* Begin PBXCopyFilesBuildPhase section */
		83D0C1FD0E6C8D7700EBCE5D /* CopyFiles */ = {
			isa = PBXCopyFilesBuildPhase;
			buildActionMask = 2147483647;
			dstPath = "";
			dstSubfolderSpec = 0;
			files = (
			);
			runOnlyForDeploymentPostprocessing = 0;
		};
/* End PBXCopyFilesBuildPhase section */

/* Begin PBXFileReference section */
		03F528621B447098000F4FB8 /* Il2CppOptions.cpp */ = {isa = PBXFileReference; fileEncoding = 4; lastKnownFileType = sourcecode.cpp.cpp; path = Il2CppOptions.cpp; sourceTree = "<group>"; };
		057E421CB377AB63E3823350 /* Bulk_mscorlib_3.cpp */ = {isa = PBXFileReference; lastKnownFileType = sourcecode.cpp.cpp; name = Bulk_mscorlib_3.cpp; path = il2cpp_output/Bulk_mscorlib_3.cpp; sourceTree = SOURCE_ROOT; };
		08B24F75137BFDFA00FBA309 /* iAd.framework */ = {isa = PBXFileReference; lastKnownFileType = wrapper.framework; name = iAd.framework; path = System/Library/Frameworks/iAd.framework; sourceTree = SDKROOT; };
		0FC34294985A57472824A579 /* Bulk_mscorlib_1.cpp */ = {isa = PBXFileReference; lastKnownFileType = sourcecode.cpp.cpp; name = Bulk_mscorlib_1.cpp; path = il2cpp_output/Bulk_mscorlib_1.cpp; sourceTree = SOURCE_ROOT; };
		146641C7AC67BD57BD585EDB /* Il2CppMetadataRegistration.cpp */ = {isa = PBXFileReference; lastKnownFileType = sourcecode.cpp.cpp; name = Il2CppMetadataRegistration.cpp; path = il2cpp_output/Il2CppMetadataRegistration.cpp; sourceTree = SOURCE_ROOT; };
		162949B5B795722731B5D8EB /* Bulk_Mono.Security_0.cpp */ = {isa = PBXFileReference; lastKnownFileType = sourcecode.cpp.cpp; name = Bulk_Mono.Security_0.cpp; path = il2cpp_output/Bulk_Mono.Security_0.cpp; sourceTree = SOURCE_ROOT; };
		1859EA9A19214E7B0022C3D3 /* MetalHelper.mm */ = {isa = PBXFileReference; fileEncoding = 4; lastKnownFileType = sourcecode.cpp.objcpp; path = MetalHelper.mm; sourceTree = "<group>"; };
		1D30AB110D05D00D00671497 /* Foundation.framework */ = {isa = PBXFileReference; lastKnownFileType = wrapper.framework; name = Foundation.framework; path = System/Library/Frameworks/Foundation.framework; sourceTree = SDKROOT; };
		1D6058910D05DD3D006BFB54 /* ProductName.app */ = {isa = PBXFileReference; explicitFileType = wrapper.application; includeInIndex = 0; path = ProductName.app; sourceTree = BUILT_PRODUCTS_DIR; };
		1F7F4726BF01F21BA265384D /* Bulk_System.Core_0.cpp */ = {isa = PBXFileReference; lastKnownFileType = sourcecode.cpp.cpp; name = Bulk_System.Core_0.cpp; path = il2cpp_output/Bulk_System.Core_0.cpp; sourceTree = SOURCE_ROOT; };
		28EB4065BEA40A79EFB39F44 /* Il2CppGenericMethodDefinitions.cpp */ = {isa = PBXFileReference; lastKnownFileType = sourcecode.cpp.cpp; name = Il2CppGenericMethodDefinitions.cpp; path = il2cpp_output/Il2CppGenericMethodDefinitions.cpp; sourceTree = SOURCE_ROOT; };
		28F26DCA1B9B36F200C5D712 /* AppDelegate.h */ = {isa = PBXFileReference; fileEncoding = 4; lastKnownFileType = sourcecode.c.h; path = AppDelegate.h; sourceTree = "<group>"; };
		28F26DCB1B9B36F200C5D712 /* AppDelegate.m */ = {isa = PBXFileReference; fileEncoding = 4; lastKnownFileType = sourcecode.c.objc; path = AppDelegate.m; sourceTree = "<group>"; };
		28F26DD61B9B37DF00C5D712 /* UnityParentViewController.h */ = {isa = PBXFileReference; fileEncoding = 4; lastKnownFileType = sourcecode.c.h; path = UnityParentViewController.h; sourceTree = "<group>"; };
		28F26DD71B9B37DF00C5D712 /* UnityParentViewController.m */ = {isa = PBXFileReference; fileEncoding = 4; lastKnownFileType = sourcecode.c.objc; path = UnityParentViewController.m; sourceTree = "<group>"; };
		28F26DD81B9B37DF00C5D712 /* UnityParentViewController.xib */ = {isa = PBXFileReference; fileEncoding = 4; lastKnownFileType = file.xib; path = UnityParentViewController.xib; sourceTree = "<group>"; };
		29934604887DB35C865CE433 /* Il2CppMarshalingFunctionsTable.cpp */ = {isa = PBXFileReference; lastKnownFileType = sourcecode.cpp.cpp; name = Il2CppMarshalingFunctionsTable.cpp; path = il2cpp_output/Il2CppMarshalingFunctionsTable.cpp; sourceTree = SOURCE_ROOT; };
		2A2E4ED59CAE34024D12AA6A /* Bulk_mscorlib_7.cpp */ = {isa = PBXFileReference; lastKnownFileType = sourcecode.cpp.cpp; name = Bulk_mscorlib_7.cpp; path = il2cpp_output/Bulk_mscorlib_7.cpp; sourceTree = SOURCE_ROOT; };
		303846499B80C77DB6299F0C /* Bulk_Mono.Security_1.cpp */ = {isa = PBXFileReference; lastKnownFileType = sourcecode.cpp.cpp; name = Bulk_Mono.Security_1.cpp; path = il2cpp_output/Bulk_Mono.Security_1.cpp; sourceTree = SOURCE_ROOT; };
		3506425CA61BA3549A3C2BDC /* Bulk_UnityEngine_2.cpp */ = {isa = PBXFileReference; lastKnownFileType = sourcecode.cpp.cpp; name = Bulk_UnityEngine_2.cpp; path = il2cpp_output/Bulk_UnityEngine_2.cpp; sourceTree = SOURCE_ROOT; };
		433A43158485B69C27BEA6F8 /* Il2CppGenericMethodTable.cpp */ = {isa = PBXFileReference; lastKnownFileType = sourcecode.cpp.cpp; name = Il2CppGenericMethodTable.cpp; path = il2cpp_output/Il2CppGenericMethodTable.cpp; sourceTree = SOURCE_ROOT; };
		44C042FEA6D44014C3A34BA1 /* Bulk_Generics_1.cpp */ = {isa = PBXFileReference; lastKnownFileType = sourcecode.cpp.cpp; name = Bulk_Generics_1.cpp; path = il2cpp_output/Bulk_Generics_1.cpp; sourceTree = SOURCE_ROOT; };
		51CA402E9B5589ED8DA0F76A /* Bulk_mscorlib_5.cpp */ = {isa = PBXFileReference; lastKnownFileType = sourcecode.cpp.cpp; name = Bulk_mscorlib_5.cpp; path = il2cpp_output/Bulk_mscorlib_5.cpp; sourceTree = SOURCE_ROOT; };
		5623C57317FDCB0800090B9E /* ProductName.octest */ = {isa = PBXFileReference; explicitFileType = wrapper.cfbundle; includeInIndex = 0; path = ProductName.octest; sourceTree = BUILT_PRODUCTS_DIR; };
		5623C57A17FDCB0900090B9E /* Unity-iPhone Tests-Info.plist */ = {isa = PBXFileReference; lastKnownFileType = text.plist.xml; path = "Unity-iPhone Tests-Info.plist"; sourceTree = "<group>"; };
		5623C57C17FDCB0900090B9E /* en */ = {isa = PBXFileReference; lastKnownFileType = text.plist.strings; name = en; path = en.lproj/InfoPlist.strings; sourceTree = "<group>"; };
		5623C57E17FDCB0900090B9E /* Unity_iPhone_Tests.m */ = {isa = PBXFileReference; lastKnownFileType = sourcecode.c.objc; path = Unity_iPhone_Tests.m; sourceTree = "<group>"; };
		5623C58017FDCB0900090B9E /* Unity-iPhone Tests-Prefix.pch */ = {isa = PBXFileReference; lastKnownFileType = sourcecode.c.h; path = "Unity-iPhone Tests-Prefix.pch"; sourceTree = "<group>"; };
		5682F4B10F3B34FF007A219C /* MediaPlayer.framework */ = {isa = PBXFileReference; lastKnownFileType = wrapper.framework; name = MediaPlayer.framework; path = System/Library/Frameworks/MediaPlayer.framework; sourceTree = SDKROOT; };
		5692F3DC0FA9D8E500EBA2F1 /* CoreLocation.framework */ = {isa = PBXFileReference; lastKnownFileType = wrapper.framework; name = CoreLocation.framework; path = System/Library/Frameworks/CoreLocation.framework; sourceTree = SDKROOT; };
		56B7959A1442E0F20026B3DD /* CoreGraphics.framework */ = {isa = PBXFileReference; lastKnownFileType = wrapper.framework; name = CoreGraphics.framework; path = System/Library/Frameworks/CoreGraphics.framework; sourceTree = SDKROOT; };
		56B795C11442E1100026B3DD /* CoreMotion.framework */ = {isa = PBXFileReference; lastKnownFileType = wrapper.framework; name = CoreMotion.framework; path = System/Library/Frameworks/CoreMotion.framework; sourceTree = SDKROOT; };
		56BCBA380FCF049A0030C3B2 /* SystemConfiguration.framework */ = {isa = PBXFileReference; lastKnownFileType = wrapper.framework; name = SystemConfiguration.framework; path = System/Library/Frameworks/SystemConfiguration.framework; sourceTree = SDKROOT; };
		56C56C9717D6015100616839 /* Images.xcassets */ = {isa = PBXFileReference; lastKnownFileType = folder.assetcatalog; name = Images.xcassets; path = "Unity-iPhone/Images.xcassets"; sourceTree = "<group>"; };
		56DBF99C15E3CDC9007A4A8D /* iPhone_Sensors.mm */ = {isa = PBXFileReference; fileEncoding = 4; lastKnownFileType = sourcecode.cpp.objcpp; path = iPhone_Sensors.mm; sourceTree = "<group>"; };
		56DBF99E15E3CE85007A4A8D /* iPhone_Sensors.h */ = {isa = PBXFileReference; fileEncoding = 4; lastKnownFileType = sourcecode.c.h; path = iPhone_Sensors.h; sourceTree = "<group>"; };
		56FD43950ED4745200FE3770 /* CFNetwork.framework */ = {isa = PBXFileReference; lastKnownFileType = wrapper.framework; name = CFNetwork.framework; path = System/Library/Frameworks/CFNetwork.framework; sourceTree = SDKROOT; };
		599446B6AD87A54B48F60DA4 /* Il2CppDelegateWrappersManagedToNativeTable.cpp */ = {isa = PBXFileReference; lastKnownFileType = sourcecode.cpp.cpp; name = Il2CppDelegateWrappersManagedToNativeTable.cpp; path = il2cpp_output/Il2CppDelegateWrappersManagedToNativeTable.cpp; sourceTree = SOURCE_ROOT; };
		5FB745CC8DDBB0DB5F618D44 /* Il2CppInvokerTable.cpp */ = {isa = PBXFileReference; lastKnownFileType = sourcecode.cpp.cpp; name = Il2CppInvokerTable.cpp; path = il2cpp_output/Il2CppInvokerTable.cpp; sourceTree = SOURCE_ROOT; };
		669A4A638681E921C7CC7081 /* Bulk_Generics_4.cpp */ = {isa = PBXFileReference; lastKnownFileType = sourcecode.cpp.cpp; name = Bulk_Generics_4.cpp; path = il2cpp_output/Bulk_Generics_4.cpp; sourceTree = SOURCE_ROOT; };
		68CC40DC923AF3FF9C6AC6E2 /* Il2CppTypeDefinitions.cpp */ = {isa = PBXFileReference; lastKnownFileType = sourcecode.cpp.cpp; name = Il2CppTypeDefinitions.cpp; path = il2cpp_output/Il2CppTypeDefinitions.cpp; sourceTree = SOURCE_ROOT; };
		6DCA451D8EB482D0755072F0 /* Bulk_mscorlib_4.cpp */ = {isa = PBXFileReference; lastKnownFileType = sourcecode.cpp.cpp; name = Bulk_mscorlib_4.cpp; path = il2cpp_output/Bulk_mscorlib_4.cpp; sourceTree = SOURCE_ROOT; };
		6E414A63A421D6B8C2DD839C /* Bulk_Generics_3.cpp */ = {isa = PBXFileReference; lastKnownFileType = sourcecode.cpp.cpp; name = Bulk_Generics_3.cpp; path = il2cpp_output/Bulk_Generics_3.cpp; sourceTree = SOURCE_ROOT; };
		6F3E47D4B63DC141AB19978B /* LaunchScreen.xib */ = {isa = PBXFileReference; lastKnownFileType = file.xib; path = LaunchScreen.xib; sourceTree = SOURCE_ROOT; };
		6FCB4D279C6BD74CD8882524 /* Bulk_mscorlib_2.cpp */ = {isa = PBXFileReference; lastKnownFileType = sourcecode.cpp.cpp; name = Bulk_mscorlib_2.cpp; path = il2cpp_output/Bulk_mscorlib_2.cpp; sourceTree = SOURCE_ROOT; };
		739A4B9DB4C869CA6E07A056 /* Il2CppCompilerCalculateTypeValuesTable.cpp */ = {isa = PBXFileReference; lastKnownFileType = sourcecode.cpp.cpp; name = Il2CppCompilerCalculateTypeValuesTable.cpp; path = il2cpp_output/Il2CppCompilerCalculateTypeValuesTable.cpp; sourceTree = SOURCE_ROOT; };
		790C404CB91FF2630C25A0CD /* Il2CppGenericInstDefinitions.cpp */ = {isa = PBXFileReference; lastKnownFileType = sourcecode.cpp.cpp; name = Il2CppGenericInstDefinitions.cpp; path = il2cpp_output/Il2CppGenericInstDefinitions.cpp; sourceTree = SOURCE_ROOT; };
		7F36C10E13C5C673007FBDD9 /* CoreMedia.framework */ = {isa = PBXFileReference; lastKnownFileType = wrapper.framework; name = CoreMedia.framework; path = System/Library/Frameworks/CoreMedia.framework; sourceTree = SDKROOT; };
		7F36C10F13C5C673007FBDD9 /* CoreVideo.framework */ = {isa = PBXFileReference; lastKnownFileType = wrapper.framework; name = CoreVideo.framework; path = System/Library/Frameworks/CoreVideo.framework; sourceTree = SDKROOT; };
		7F36C11013C5C673007FBDD9 /* AVFoundation.framework */ = {isa = PBXFileReference; lastKnownFileType = wrapper.framework; name = AVFoundation.framework; path = System/Library/Frameworks/AVFoundation.framework; sourceTree = SDKROOT; };
		830B5C100E5ED4C100C7819F /* UIKit.framework */ = {isa = PBXFileReference; lastKnownFileType = wrapper.framework; name = UIKit.framework; path = System/Library/Frameworks/UIKit.framework; sourceTree = SDKROOT; };
		8358D1B70ED1CC3700E3A684 /* AudioToolbox.framework */ = {isa = PBXFileReference; lastKnownFileType = wrapper.framework; name = AudioToolbox.framework; path = System/Library/Frameworks/AudioToolbox.framework; sourceTree = SDKROOT; };
		83B256E10E62FEA000468741 /* OpenGLES.framework */ = {isa = PBXFileReference; lastKnownFileType = wrapper.framework; name = OpenGLES.framework; path = System/Library/Frameworks/OpenGLES.framework; sourceTree = SDKROOT; };
		83B2570A0E62FF8A00468741 /* QuartzCore.framework */ = {isa = PBXFileReference; lastKnownFileType = wrapper.framework; name = QuartzCore.framework; path = System/Library/Frameworks/QuartzCore.framework; sourceTree = SDKROOT; };
		83B2574B0E63022200468741 /* OpenAL.framework */ = {isa = PBXFileReference; lastKnownFileType = wrapper.framework; name = OpenAL.framework; path = System/Library/Frameworks/OpenAL.framework; sourceTree = SDKROOT; };
		83B2574E0E63025400468741 /* libiconv.2.dylib */ = {isa = PBXFileReference; lastKnownFileType = "compiled.mach-o.dylib"; name = libiconv.2.dylib; path = usr/lib/libiconv.2.dylib; sourceTree = SDKROOT; };
		8A07E1041715A5AB000EDC6F /* iAD.h */ = {isa = PBXFileReference; fileEncoding = 4; lastKnownFileType = sourcecode.c.h; path = iAD.h; sourceTree = "<group>"; };
		8A07E1051715A5AB000EDC6F /* iAD.mm */ = {isa = PBXFileReference; fileEncoding = 4; lastKnownFileType = sourcecode.cpp.objcpp; path = iAD.mm; sourceTree = "<group>"; };
		8A0FED471649699200E9727D /* EAGLContextHelper.h */ = {isa = PBXFileReference; fileEncoding = 4; lastKnownFileType = sourcecode.c.h; path = EAGLContextHelper.h; sourceTree = "<group>"; };
		8A0FED481649699200E9727D /* EAGLContextHelper.mm */ = {isa = PBXFileReference; fileEncoding = 4; lastKnownFileType = sourcecode.cpp.objcpp; path = EAGLContextHelper.mm; sourceTree = "<group>"; };
		8A142DC41636943E00DD87CA /* Keyboard.h */ = {isa = PBXFileReference; fileEncoding = 4; lastKnownFileType = sourcecode.c.h; path = Keyboard.h; sourceTree = "<group>"; };
		8A142DC51636943E00DD87CA /* Keyboard.mm */ = {isa = PBXFileReference; fileEncoding = 4; lastKnownFileType = sourcecode.cpp.objcpp; path = Keyboard.mm; sourceTree = "<group>"; };
		8A16150B1A8E4362006FA788 /* MPVideoPlayer.mm */ = {isa = PBXFileReference; fileEncoding = 4; lastKnownFileType = sourcecode.cpp.objcpp; path = MPVideoPlayer.mm; sourceTree = "<group>"; };
		8A1B656D185FB650009F37BD /* AdSupport.framework */ = {isa = PBXFileReference; lastKnownFileType = wrapper.framework; name = AdSupport.framework; path = System/Library/Frameworks/AdSupport.framework; sourceTree = SDKROOT; };
		8A1FFFAB16512A9000DD0934 /* GlesHelper.h */ = {isa = PBXFileReference; fileEncoding = 4; lastKnownFileType = sourcecode.c.h; path = GlesHelper.h; sourceTree = "<group>"; };
		8A1FFFAC16512A9000DD0934 /* GlesHelper.mm */ = {isa = PBXFileReference; fileEncoding = 4; lastKnownFileType = sourcecode.cpp.objcpp; path = GlesHelper.mm; sourceTree = "<group>"; };
		8A21AED21622F59300AF8007 /* UnityViewControllerBase.h */ = {isa = PBXFileReference; fileEncoding = 4; lastKnownFileType = sourcecode.c.h; path = UnityViewControllerBase.h; sourceTree = "<group>"; };
		8A21AED31622F59300AF8007 /* UnityViewControllerBase.mm */ = {isa = PBXFileReference; fileEncoding = 4; lastKnownFileType = sourcecode.cpp.objcpp; path = UnityViewControllerBase.mm; sourceTree = "<group>"; };
		8A25E6D118D767E20006A227 /* Filesystem.mm */ = {isa = PBXFileReference; fileEncoding = 4; lastKnownFileType = sourcecode.cpp.objcpp; path = Filesystem.mm; sourceTree = "<group>"; };
		8A292A9717992CE100409BA4 /* LifeCycleListener.h */ = {isa = PBXFileReference; lastKnownFileType = sourcecode.c.h; path = LifeCycleListener.h; sourceTree = "<group>"; };
		8A292A9817992CE100409BA4 /* LifeCycleListener.mm */ = {isa = PBXFileReference; lastKnownFileType = sourcecode.cpp.objcpp; path = LifeCycleListener.mm; sourceTree = "<group>"; };
		8A2AA93316E0978D001FB470 /* CMVideoSampling.h */ = {isa = PBXFileReference; fileEncoding = 4; lastKnownFileType = sourcecode.c.h; path = CMVideoSampling.h; sourceTree = "<group>"; };
		8A2AA93416E0978D001FB470 /* CMVideoSampling.mm */ = {isa = PBXFileReference; fileEncoding = 4; lastKnownFileType = sourcecode.cpp.objcpp; path = CMVideoSampling.mm; sourceTree = "<group>"; };
		8A367F5916A6D36F0012ED11 /* CVTextureCache.h */ = {isa = PBXFileReference; fileEncoding = 4; lastKnownFileType = sourcecode.c.h; path = CVTextureCache.h; sourceTree = "<group>"; };
		8A367F5A16A6D36F0012ED11 /* CVTextureCache.mm */ = {isa = PBXFileReference; fileEncoding = 4; lastKnownFileType = sourcecode.cpp.objcpp; path = CVTextureCache.mm; sourceTree = "<group>"; };
		8A3EDDC61615B7C1001839E9 /* SplashScreen.h */ = {isa = PBXFileReference; fileEncoding = 4; lastKnownFileType = sourcecode.c.h; path = SplashScreen.h; sourceTree = "<group>"; };
		8A3EDDC71615B7C1001839E9 /* SplashScreen.mm */ = {isa = PBXFileReference; fileEncoding = 4; lastKnownFileType = sourcecode.cpp.objcpp; path = SplashScreen.mm; sourceTree = "<group>"; };
		8A4815BF17A287D2003FBFD5 /* UnityAppController+ViewHandling.h */ = {isa = PBXFileReference; lastKnownFileType = sourcecode.c.h; path = "UnityAppController+ViewHandling.h"; sourceTree = "<group>"; };
		8A4815C017A287D2003FBFD5 /* UnityAppController+ViewHandling.mm */ = {isa = PBXFileReference; lastKnownFileType = sourcecode.cpp.objcpp; path = "UnityAppController+ViewHandling.mm"; sourceTree = "<group>"; };
		8A5C1490174E662D0006EB36 /* RenderPluginDelegate.h */ = {isa = PBXFileReference; fileEncoding = 4; lastKnownFileType = sourcecode.c.h; path = RenderPluginDelegate.h; sourceTree = "<group>"; };
		8A5C1491174E662D0006EB36 /* RenderPluginDelegate.mm */ = {isa = PBXFileReference; fileEncoding = 4; lastKnownFileType = sourcecode.cpp.objcpp; path = RenderPluginDelegate.mm; sourceTree = "<group>"; };
		8A5E0B8F16849D1800CBB6FE /* DisplayManager.h */ = {isa = PBXFileReference; fileEncoding = 4; lastKnownFileType = sourcecode.c.h; path = DisplayManager.h; sourceTree = "<group>"; };
		8A5E0B9016849D1800CBB6FE /* DisplayManager.mm */ = {isa = PBXFileReference; fileEncoding = 4; lastKnownFileType = sourcecode.cpp.objcpp; path = DisplayManager.mm; sourceTree = "<group>"; };
		8A6137121A10B57700059EDF /* ObjCRuntime.h */ = {isa = PBXFileReference; fileEncoding = 4; lastKnownFileType = sourcecode.c.h; path = ObjCRuntime.h; sourceTree = "<group>"; };
		8A6137131A10BCA200059EDF /* ObjCRuntime.mm */ = {isa = PBXFileReference; fileEncoding = 4; lastKnownFileType = sourcecode.cpp.objcpp; path = ObjCRuntime.mm; sourceTree = "<group>"; };
		8A6720A319EEB905006C92E0 /* InternalProfiler.cpp */ = {isa = PBXFileReference; fileEncoding = 4; lastKnownFileType = sourcecode.cpp.cpp; path = InternalProfiler.cpp; sourceTree = "<group>"; };
		8A6720A419EEB905006C92E0 /* InternalProfiler.h */ = {isa = PBXFileReference; fileEncoding = 4; lastKnownFileType = sourcecode.c.h; path = InternalProfiler.h; sourceTree = "<group>"; };
		8A6720A619EFAF25006C92E0 /* Prefix.pch */ = {isa = PBXFileReference; fileEncoding = 4; lastKnownFileType = sourcecode.c.h; path = Prefix.pch; sourceTree = "<group>"; };
		8A7057D0171EA29600A1332D /* iAD_Scripting.mm */ = {isa = PBXFileReference; fileEncoding = 4; lastKnownFileType = sourcecode.cpp.objcpp; path = iAD_Scripting.mm; sourceTree = "<group>"; };
		8A851BA516FB2F6D00E911DB /* UnityView.h */ = {isa = PBXFileReference; fileEncoding = 4; lastKnownFileType = sourcecode.c.h; path = UnityView.h; sourceTree = "<group>"; };
		8A851BA616FB2F6D00E911DB /* UnityView.mm */ = {isa = PBXFileReference; fileEncoding = 4; lastKnownFileType = sourcecode.cpp.objcpp; path = UnityView.mm; sourceTree = "<group>"; };
		8A851BA816FB3AD000E911DB /* UnityAppController.h */ = {isa = PBXFileReference; fileEncoding = 4; lastKnownFileType = sourcecode.c.h; path = UnityAppController.h; sourceTree = "<group>"; };
		8A851BA916FB3AD000E911DB /* UnityAppController.mm */ = {isa = PBXFileReference; fileEncoding = 4; lastKnownFileType = sourcecode.cpp.objcpp; path = UnityAppController.mm; sourceTree = "<group>"; };
		8A851BAB16FC875E00E911DB /* UnityInterface.h */ = {isa = PBXFileReference; fileEncoding = 4; lastKnownFileType = sourcecode.c.h; path = UnityInterface.h; sourceTree = "<group>"; };
		8A8D90D81A274A7800456C4E /* UnityAppController+UnityInterface.h */ = {isa = PBXFileReference; fileEncoding = 4; lastKnownFileType = sourcecode.c.h; path = "UnityAppController+UnityInterface.h"; sourceTree = "<group>"; };
		8A8D90D91A274A7800456C4E /* UnityAppController+UnityInterface.mm */ = {isa = PBXFileReference; fileEncoding = 4; lastKnownFileType = sourcecode.cpp.objcpp; path = "UnityAppController+UnityInterface.mm"; sourceTree = "<group>"; };
		8A90541019EE8843003D1039 /* UnityForwardDecls.h */ = {isa = PBXFileReference; fileEncoding = 4; lastKnownFileType = sourcecode.c.h; path = UnityForwardDecls.h; sourceTree = "<group>"; };
		8A9FCB111617295F00C05364 /* ActivityIndicator.h */ = {isa = PBXFileReference; fileEncoding = 4; lastKnownFileType = sourcecode.c.h; path = ActivityIndicator.h; sourceTree = "<group>"; };
		8A9FCB121617295F00C05364 /* ActivityIndicator.mm */ = {isa = PBXFileReference; fileEncoding = 4; lastKnownFileType = sourcecode.cpp.objcpp; path = ActivityIndicator.mm; sourceTree = "<group>"; };
		8AA108C01948732900D0538B /* UnityRendering.h */ = {isa = PBXFileReference; fileEncoding = 4; lastKnownFileType = sourcecode.c.h; path = UnityRendering.h; sourceTree = "<group>"; };
		8AA568AC1827DD79004969C7 /* WWWConnection.h */ = {isa = PBXFileReference; fileEncoding = 4; lastKnownFileType = sourcecode.c.h; path = WWWConnection.h; sourceTree = "<group>"; };
		8AA568AD1827DD79004969C7 /* WWWConnection.mm */ = {isa = PBXFileReference; fileEncoding = 4; lastKnownFileType = sourcecode.cpp.objcpp; path = WWWConnection.mm; sourceTree = "<group>"; };
		8AA5D80017ABE9AF007B9910 /* UnityAppController+Rendering.h */ = {isa = PBXFileReference; fileEncoding = 4; lastKnownFileType = sourcecode.c.h; path = "UnityAppController+Rendering.h"; sourceTree = "<group>"; };
		8AA5D80117ABE9AF007B9910 /* UnityAppController+Rendering.mm */ = {isa = PBXFileReference; fileEncoding = 4; lastKnownFileType = sourcecode.cpp.objcpp; path = "UnityAppController+Rendering.mm"; sourceTree = "<group>"; };
		8AA6ADDB17818CFD00A1C5F1 /* UnityTrampolineConfigure.h */ = {isa = PBXFileReference; lastKnownFileType = sourcecode.c.h; path = UnityTrampolineConfigure.h; sourceTree = "<group>"; };
		8AB3CB3C16D390BA00697AD5 /* VideoPlayer.h */ = {isa = PBXFileReference; fileEncoding = 4; lastKnownFileType = sourcecode.c.h; path = VideoPlayer.h; sourceTree = "<group>"; };
		8AB3CB3D16D390BB00697AD5 /* VideoPlayer.mm */ = {isa = PBXFileReference; fileEncoding = 4; lastKnownFileType = sourcecode.cpp.objcpp; path = VideoPlayer.mm; sourceTree = "<group>"; };
		8ABDBCE019CAFCF700A842FF /* AVCapture.h */ = {isa = PBXFileReference; fileEncoding = 4; lastKnownFileType = sourcecode.c.h; path = AVCapture.h; sourceTree = "<group>"; };
		8AC71EC219E7FBA90027502F /* OrientationSupport.h */ = {isa = PBXFileReference; fileEncoding = 4; lastKnownFileType = sourcecode.c.h; path = OrientationSupport.h; sourceTree = "<group>"; };
		8AC71EC319E7FBA90027502F /* OrientationSupport.mm */ = {isa = PBXFileReference; fileEncoding = 4; lastKnownFileType = sourcecode.cpp.objcpp; path = OrientationSupport.mm; sourceTree = "<group>"; };
		8AC74A9419B47FEF00019D38 /* AVCapture.mm */ = {isa = PBXFileReference; fileEncoding = 4; lastKnownFileType = sourcecode.cpp.objcpp; path = AVCapture.mm; sourceTree = "<group>"; };
		8ACB801B177081D4005D0019 /* DeviceSettings.mm */ = {isa = PBXFileReference; fileEncoding = 4; lastKnownFileType = sourcecode.cpp.objcpp; path = DeviceSettings.mm; sourceTree = "<group>"; };
		8ACB801D177081F7005D0019 /* Preprocessor.h */ = {isa = PBXFileReference; fileEncoding = 4; lastKnownFileType = sourcecode.c.h; path = Preprocessor.h; sourceTree = "<group>"; };
		8ADCE38919C87177006F04F6 /* CameraCapture.h */ = {isa = PBXFileReference; fileEncoding = 4; lastKnownFileType = sourcecode.c.h; path = CameraCapture.h; sourceTree = "<group>"; };
		8ADCE38A19C87177006F04F6 /* CameraCapture.mm */ = {isa = PBXFileReference; fileEncoding = 4; lastKnownFileType = sourcecode.cpp.objcpp; path = CameraCapture.mm; sourceTree = "<group>"; };
		8AECDC781950835600CB29E8 /* UnityMetalSupport.h */ = {isa = PBXFileReference; fileEncoding = 4; lastKnownFileType = sourcecode.c.h; path = UnityMetalSupport.h; sourceTree = "<group>"; };
		8AF7755E17997D1300341121 /* AppDelegateListener.h */ = {isa = PBXFileReference; lastKnownFileType = sourcecode.c.h; path = AppDelegateListener.h; sourceTree = "<group>"; };
		8AF7755F17997D1300341121 /* AppDelegateListener.mm */ = {isa = PBXFileReference; lastKnownFileType = sourcecode.cpp.objcpp; path = AppDelegateListener.mm; sourceTree = "<group>"; };
		8D1107310486CEB800E47090 /* Info.plist */ = {isa = PBXFileReference; fileEncoding = 4; lastKnownFileType = text.plist.xml; path = Info.plist; sourceTree = "<group>"; };
		907F48DBBA882D2F1D16B046 /* Bulk_UnityEngine_1.cpp */ = {isa = PBXFileReference; lastKnownFileType = sourcecode.cpp.cpp; name = Bulk_UnityEngine_1.cpp; path = il2cpp_output/Bulk_UnityEngine_1.cpp; sourceTree = SOURCE_ROOT; };
		92EF4BEFB525FF9E737DB572 /* Il2CppMetadataUsage.cpp */ = {isa = PBXFileReference; lastKnownFileType = sourcecode.cpp.cpp; name = Il2CppMetadataUsage.cpp; path = il2cpp_output/Il2CppMetadataUsage.cpp; sourceTree = SOURCE_ROOT; };
		A659407A9BD21A35277C4C94 /* Bulk_Generics_0.cpp */ = {isa = PBXFileReference; lastKnownFileType = sourcecode.cpp.cpp; name = Bulk_Generics_0.cpp; path = il2cpp_output/Bulk_Generics_0.cpp; sourceTree = SOURCE_ROOT; };
		A8B14449B4550F24EB7A9B11 /* Il2CppCodeRegistration.cpp */ = {isa = PBXFileReference; lastKnownFileType = sourcecode.cpp.cpp; name = Il2CppCodeRegistration.cpp; path = il2cpp_output/Il2CppCodeRegistration.cpp; sourceTree = SOURCE_ROOT; };
		AA5D99861AFAD3C800B27605 /* CoreText.framework */ = {isa = PBXFileReference; lastKnownFileType = wrapper.framework; name = CoreText.framework; path = System/Library/Frameworks/CoreText.framework; sourceTree = SDKROOT; };
		AAC3E38B1A68945900F6174A /* RegisterFeatures.cpp */ = {isa = PBXFileReference; fileEncoding = 4; lastKnownFileType = sourcecode.cpp.cpp; path = RegisterFeatures.cpp; sourceTree = "<group>"; };
		AAC3E38C1A68945900F6174A /* RegisterFeatures.h */ = {isa = PBXFileReference; fileEncoding = 4; lastKnownFileType = sourcecode.c.h; path = RegisterFeatures.h; sourceTree = "<group>"; };
		AAFE69D019F187C200638316 /* UnityViewControllerListener.h */ = {isa = PBXFileReference; fileEncoding = 4; lastKnownFileType = sourcecode.c.h; path = UnityViewControllerListener.h; sourceTree = "<group>"; };
		AAFE69D119F187C200638316 /* UnityViewControllerListener.mm */ = {isa = PBXFileReference; fileEncoding = 4; lastKnownFileType = sourcecode.cpp.objcpp; path = UnityViewControllerListener.mm; sourceTree = "<group>"; };
		AC83409BAB0824CF7A818897 /* Bulk_System_1.cpp */ = {isa = PBXFileReference; lastKnownFileType = sourcecode.cpp.cpp; name = Bulk_System_1.cpp; path = il2cpp_output/Bulk_System_1.cpp; sourceTree = SOURCE_ROOT; };
		B0E44D03BDCC832777FA8A69 /* UnityICallRegistration.cpp */ = {isa = PBXFileReference; lastKnownFileType = sourcecode.cpp.cpp; name = UnityICallRegistration.cpp; path = il2cpp_output/UnityICallRegistration.cpp; sourceTree = SOURCE_ROOT; };
		B7064F149C3D172258BDB266 /* global-metadata.dat */ = {isa = PBXFileReference; lastKnownFileType = file; name = "global-metadata.dat"; path = "il2cpp_output/Metadata/global-metadata.dat"; sourceTree = SOURCE_ROOT; };
		BCF641E0BC9D05946E46BCDF /* Bulk_Generics_2.cpp */ = {isa = PBXFileReference; lastKnownFileType = sourcecode.cpp.cpp; name = Bulk_Generics_2.cpp; path = il2cpp_output/Bulk_Generics_2.cpp; sourceTree = SOURCE_ROOT; };
		C2244805861B34251B1A989A /* Il2CppMethodPointerTable.cpp */ = {isa = PBXFileReference; lastKnownFileType = sourcecode.cpp.cpp; name = Il2CppMethodPointerTable.cpp; path = il2cpp_output/Il2CppMethodPointerTable.cpp; sourceTree = SOURCE_ROOT; };
		D1D846F3BB6A3544B8E9F6F2 /* Il2CppAttributes.cpp */ = {isa = PBXFileReference; lastKnownFileType = sourcecode.cpp.cpp; name = Il2CppAttributes.cpp; path = il2cpp_output/Il2CppAttributes.cpp; sourceTree = SOURCE_ROOT; };
		D7E042A4827B73FEF4960926 /* Bulk_UnityEngine_0.cpp */ = {isa = PBXFileReference; lastKnownFileType = sourcecode.cpp.cpp; name = Bulk_UnityEngine_0.cpp; path = il2cpp_output/Bulk_UnityEngine_0.cpp; sourceTree = SOURCE_ROOT; };
		D82DCFBB0E8000A5005D6AD8 /* main.mm */ = {isa = PBXFileReference; fileEncoding = 4; lastKnownFileType = sourcecode.cpp.objcpp; name = main.mm; path = Classes/main.mm; sourceTree = SOURCE_ROOT; };
		D8A1C7240E80637F000160D3 /* RegisterMonoModules.cpp */ = {isa = PBXFileReference; fileEncoding = 4; lastKnownFileType = sourcecode.cpp.cpp; name = RegisterMonoModules.cpp; path = Libraries/RegisterMonoModules.cpp; sourceTree = SOURCE_ROOT; };
		D8A1C7250E80637F000160D3 /* RegisterMonoModules.h */ = {isa = PBXFileReference; fileEncoding = 4; lastKnownFileType = sourcecode.c.h; name = RegisterMonoModules.h; path = Libraries/RegisterMonoModules.h; sourceTree = SOURCE_ROOT; };
		DFE74A3692EBB7CAAEC856CF /* LaunchScreenImage-Landscape.png */ = {isa = PBXFileReference; lastKnownFileType = image.png; path = "LaunchScreenImage-Landscape.png"; sourceTree = SOURCE_ROOT; };
		E40440B9BD0F15AD6386B0E3 /* Bulk_System_0.cpp */ = {isa = PBXFileReference; lastKnownFileType = sourcecode.cpp.cpp; name = Bulk_System_0.cpp; path = il2cpp_output/Bulk_System_0.cpp; sourceTree = SOURCE_ROOT; };
		E6814D7394FF3B08EDB30189 /* Il2CppGenericClassTable.cpp */ = {isa = PBXFileReference; lastKnownFileType = sourcecode.cpp.cpp; name = Il2CppGenericClassTable.cpp; path = il2cpp_output/Il2CppGenericClassTable.cpp; sourceTree = SOURCE_ROOT; };
		EA0342B68E63EA451C5C96A5 /* Il2CppMethodReferences.cpp */ = {isa = PBXFileReference; lastKnownFileType = sourcecode.cpp.cpp; name = Il2CppMethodReferences.cpp; path = il2cpp_output/Il2CppMethodReferences.cpp; sourceTree = SOURCE_ROOT; };
		EF8D4032AB0CCCB0EDA8F5A8 /* GenericMethods0.cpp */ = {isa = PBXFileReference; lastKnownFileType = sourcecode.cpp.cpp; name = GenericMethods0.cpp; path = il2cpp_output/GenericMethods0.cpp; sourceTree = SOURCE_ROOT; };
		F12444D180E56348BB0D3ADC /* libiPhone-lib.a */ = {isa = PBXFileReference; lastKnownFileType = archive.ar; name = "libiPhone-lib.a"; path = "Libraries/libiPhone-lib.a"; sourceTree = SOURCE_ROOT; };
		F1FD4018806022805E99BB35 /* Bulk_mscorlib_6.cpp */ = {isa = PBXFileReference; lastKnownFileType = sourcecode.cpp.cpp; name = Bulk_mscorlib_6.cpp; path = il2cpp_output/Bulk_mscorlib_6.cpp; sourceTree = SOURCE_ROOT; };
		F3CD45BFBFAA8864CA4BCDB3 /* Il2CppGenericMethodPointerTable.cpp */ = {isa = PBXFileReference; lastKnownFileType = sourcecode.cpp.cpp; name = Il2CppGenericMethodPointerTable.cpp; path = il2cpp_output/Il2CppGenericMethodPointerTable.cpp; sourceTree = SOURCE_ROOT; };
		FA0E4BDF972B7A423FC040D4 /* Bulk_Generics_5.cpp */ = {isa = PBXFileReference; lastKnownFileType = sourcecode.cpp.cpp; name = Bulk_Generics_5.cpp; path = il2cpp_output/Bulk_Generics_5.cpp; sourceTree = SOURCE_ROOT; };
		FC3D7EBE16D2621600D1BD0D /* CrashReporter.h */ = {isa = PBXFileReference; fileEncoding = 4; lastKnownFileType = sourcecode.c.h; path = CrashReporter.h; sourceTree = "<group>"; };
		FC3E4D6CAEF3196DDB10DC30 /* Bulk_mscorlib_0.cpp */ = {isa = PBXFileReference; lastKnownFileType = sourcecode.cpp.cpp; name = Bulk_mscorlib_0.cpp; path = il2cpp_output/Bulk_mscorlib_0.cpp; sourceTree = SOURCE_ROOT; };
		FC85CCB916C3ED8000BAF7C7 /* CrashReporter.mm */ = {isa = PBXFileReference; fileEncoding = 4; lastKnownFileType = sourcecode.cpp.objcpp; path = CrashReporter.mm; sourceTree = "<group>"; };
		FC85CCBA16C3ED8000BAF7C7 /* PLCrashReporter.h */ = {isa = PBXFileReference; fileEncoding = 4; lastKnownFileType = sourcecode.c.h; path = PLCrashReporter.h; sourceTree = "<group>"; };
		FCF948D386937C9E98924040 /* UnityClassRegistration.cpp */ = {isa = PBXFileReference; lastKnownFileType = sourcecode.cpp.cpp; name = UnityClassRegistration.cpp; path = il2cpp_output/UnityClassRegistration.cpp; sourceTree = SOURCE_ROOT; };
		FCFD47EC9ADA65BC97BE1D63 /* LaunchScreenImage-Portrait.png */ = {isa = PBXFileReference; lastKnownFileType = image.png; path = "LaunchScreenImage-Portrait.png"; sourceTree = SOURCE_ROOT; };
/* End PBXFileReference section */

/* Begin PBXFrameworksBuildPhase section */
		1D60588F0D05DD3D006BFB54 /* Frameworks */ = {
			isa = PBXFrameworksBuildPhase;
			buildActionMask = 2147483647;
			files = (
				AA5D99871AFAD3C800B27605 /* CoreText.framework in Frameworks */,
				1D60589F0D05DD5A006BFB54 /* Foundation.framework in Frameworks */,
				830B5C110E5ED4C100C7819F /* UIKit.framework in Frameworks */,
				83B256E20E62FEA000468741 /* OpenGLES.framework in Frameworks */,
				83B2570B0E62FF8A00468741 /* QuartzCore.framework in Frameworks */,
				83B2574C0E63022200468741 /* OpenAL.framework in Frameworks */,
				83B2574F0E63025400468741 /* libiconv.2.dylib in Frameworks */,
				8358D1B80ED1CC3700E3A684 /* AudioToolbox.framework in Frameworks */,
				56FD43960ED4745200FE3770 /* CFNetwork.framework in Frameworks */,
				5682F4B20F3B34FF007A219C /* MediaPlayer.framework in Frameworks */,
				5692F3DD0FA9D8E500EBA2F1 /* CoreLocation.framework in Frameworks */,
				56BCBA390FCF049A0030C3B2 /* SystemConfiguration.framework in Frameworks */,
				08B24F76137BFDFA00FBA309 /* iAd.framework in Frameworks */,
				7F36C11113C5C673007FBDD9 /* CoreMedia.framework in Frameworks */,
				7F36C11213C5C673007FBDD9 /* CoreVideo.framework in Frameworks */,
				7F36C11313C5C673007FBDD9 /* AVFoundation.framework in Frameworks */,
				56B7959B1442E0F20026B3DD /* CoreGraphics.framework in Frameworks */,
				56B7960F1442E1770026B3DD /* CoreMotion.framework in Frameworks */,
				E2214503BBC78C99C0088306 /* libiPhone-lib.a in Frameworks */,
			);
			runOnlyForDeploymentPostprocessing = 0;
		};
		5623C57017FDCB0800090B9E /* Frameworks */ = {
			isa = PBXFrameworksBuildPhase;
			buildActionMask = 2147483647;
			files = (
				5623C57717FDCB0800090B9E /* UIKit.framework in Frameworks */,
				5623C57617FDCB0800090B9E /* Foundation.framework in Frameworks */,
			);
			runOnlyForDeploymentPostprocessing = 0;
		};
/* End PBXFrameworksBuildPhase section */

/* Begin PBXGroup section */
		19C28FACFE9D520D11CA2CBB /* Products */ = {
			isa = PBXGroup;
			children = (
				1D6058910D05DD3D006BFB54 /* ProductName.app */,
				5623C57317FDCB0800090B9E /* ProductName.octest */,
			);
			name = Products;
			sourceTree = "<group>";
		};
		28F26DC91B9B36F200C5D712 /* Native */ = {
			isa = PBXGroup;
			children = (
				28F26DCA1B9B36F200C5D712 /* AppDelegate.h */,
				28F26DCB1B9B36F200C5D712 /* AppDelegate.m */,
				28F26DD61B9B37DF00C5D712 /* UnityParentViewController.h */,
				28F26DD71B9B37DF00C5D712 /* UnityParentViewController.m */,
				28F26DD81B9B37DF00C5D712 /* UnityParentViewController.xib */,
			);
			path = Native;
			sourceTree = "<group>";
		};
		29B97314FDCFA39411CA2CEA /* CustomTemplate */ = {
			isa = PBXGroup;
			children = (
				56C56C9717D6015100616839 /* Images.xcassets */,
				28F26DC91B9B36F200C5D712 /* Native */,
				D82DCFB50E8000A5005D6AD8 /* Classes */,
				5623C57817FDCB0800090B9E /* Unity-iPhone Tests */,
				29B97323FDCFA39411CA2CEA /* Frameworks */,
				D8A1C7220E80637F000160D3 /* Libraries */,
				19C28FACFE9D520D11CA2CBB /* Products */,
				8D1107310486CEB800E47090 /* Info.plist */,
				83B2574E0E63025400468741 /* libiconv.2.dylib */,
				425A4C989831813A141AA546 /* il2cpp_output */,
				6F3E47D4B63DC141AB19978B /* LaunchScreen.xib */,
				FCFD47EC9ADA65BC97BE1D63 /* LaunchScreenImage-Portrait.png */,
				DFE74A3692EBB7CAAEC856CF /* LaunchScreenImage-Landscape.png */,
			);
			name = CustomTemplate;
			sourceTree = "<group>";
		};
		29B97323FDCFA39411CA2CEA /* Frameworks */ = {
			isa = PBXGroup;
			children = (
				AA5D99861AFAD3C800B27605 /* CoreText.framework */,
				8A1B656D185FB650009F37BD /* AdSupport.framework */,
				8358D1B70ED1CC3700E3A684 /* AudioToolbox.framework */,
				7F36C11013C5C673007FBDD9 /* AVFoundation.framework */,
				56FD43950ED4745200FE3770 /* CFNetwork.framework */,
				56B7959A1442E0F20026B3DD /* CoreGraphics.framework */,
				5692F3DC0FA9D8E500EBA2F1 /* CoreLocation.framework */,
				7F36C10E13C5C673007FBDD9 /* CoreMedia.framework */,
				56B795C11442E1100026B3DD /* CoreMotion.framework */,
				7F36C10F13C5C673007FBDD9 /* CoreVideo.framework */,
				1D30AB110D05D00D00671497 /* Foundation.framework */,
				08B24F75137BFDFA00FBA309 /* iAd.framework */,
				5682F4B10F3B34FF007A219C /* MediaPlayer.framework */,
				83B2574B0E63022200468741 /* OpenAL.framework */,
				83B256E10E62FEA000468741 /* OpenGLES.framework */,
				83B2570A0E62FF8A00468741 /* QuartzCore.framework */,
				56BCBA380FCF049A0030C3B2 /* SystemConfiguration.framework */,
				830B5C100E5ED4C100C7819F /* UIKit.framework */,
			);
			name = Frameworks;
			sourceTree = "<group>";
		};
		425A4C989831813A141AA546 /* il2cpp_output */ = {
			isa = PBXGroup;
			children = (
				A659407A9BD21A35277C4C94 /* Bulk_Generics_0.cpp */,
				44C042FEA6D44014C3A34BA1 /* Bulk_Generics_1.cpp */,
				BCF641E0BC9D05946E46BCDF /* Bulk_Generics_2.cpp */,
				6E414A63A421D6B8C2DD839C /* Bulk_Generics_3.cpp */,
				669A4A638681E921C7CC7081 /* Bulk_Generics_4.cpp */,
				FA0E4BDF972B7A423FC040D4 /* Bulk_Generics_5.cpp */,
				162949B5B795722731B5D8EB /* Bulk_Mono.Security_0.cpp */,
				303846499B80C77DB6299F0C /* Bulk_Mono.Security_1.cpp */,
				1F7F4726BF01F21BA265384D /* Bulk_System.Core_0.cpp */,
				E40440B9BD0F15AD6386B0E3 /* Bulk_System_0.cpp */,
				AC83409BAB0824CF7A818897 /* Bulk_System_1.cpp */,
				D7E042A4827B73FEF4960926 /* Bulk_UnityEngine_0.cpp */,
				907F48DBBA882D2F1D16B046 /* Bulk_UnityEngine_1.cpp */,
				3506425CA61BA3549A3C2BDC /* Bulk_UnityEngine_2.cpp */,
				FC3E4D6CAEF3196DDB10DC30 /* Bulk_mscorlib_0.cpp */,
				0FC34294985A57472824A579 /* Bulk_mscorlib_1.cpp */,
				6FCB4D279C6BD74CD8882524 /* Bulk_mscorlib_2.cpp */,
				057E421CB377AB63E3823350 /* Bulk_mscorlib_3.cpp */,
				6DCA451D8EB482D0755072F0 /* Bulk_mscorlib_4.cpp */,
				51CA402E9B5589ED8DA0F76A /* Bulk_mscorlib_5.cpp */,
				F1FD4018806022805E99BB35 /* Bulk_mscorlib_6.cpp */,
				2A2E4ED59CAE34024D12AA6A /* Bulk_mscorlib_7.cpp */,
				EF8D4032AB0CCCB0EDA8F5A8 /* GenericMethods0.cpp */,
				D1D846F3BB6A3544B8E9F6F2 /* Il2CppAttributes.cpp */,
				A8B14449B4550F24EB7A9B11 /* Il2CppCodeRegistration.cpp */,
				739A4B9DB4C869CA6E07A056 /* Il2CppCompilerCalculateTypeValuesTable.cpp */,
				599446B6AD87A54B48F60DA4 /* Il2CppDelegateWrappersManagedToNativeTable.cpp */,
				E6814D7394FF3B08EDB30189 /* Il2CppGenericClassTable.cpp */,
				790C404CB91FF2630C25A0CD /* Il2CppGenericInstDefinitions.cpp */,
				28EB4065BEA40A79EFB39F44 /* Il2CppGenericMethodDefinitions.cpp */,
				F3CD45BFBFAA8864CA4BCDB3 /* Il2CppGenericMethodPointerTable.cpp */,
				433A43158485B69C27BEA6F8 /* Il2CppGenericMethodTable.cpp */,
				5FB745CC8DDBB0DB5F618D44 /* Il2CppInvokerTable.cpp */,
				29934604887DB35C865CE433 /* Il2CppMarshalingFunctionsTable.cpp */,
				146641C7AC67BD57BD585EDB /* Il2CppMetadataRegistration.cpp */,
				92EF4BEFB525FF9E737DB572 /* Il2CppMetadataUsage.cpp */,
				C2244805861B34251B1A989A /* Il2CppMethodPointerTable.cpp */,
				EA0342B68E63EA451C5C96A5 /* Il2CppMethodReferences.cpp */,
				68CC40DC923AF3FF9C6AC6E2 /* Il2CppTypeDefinitions.cpp */,
				FCF948D386937C9E98924040 /* UnityClassRegistration.cpp */,
				B0E44D03BDCC832777FA8A69 /* UnityICallRegistration.cpp */,
				9C214AE08E3CA0233C24AA1B /* Metadata */,
			);
			path = il2cpp_output;
			sourceTree = "<group>";
		};
		5623C57817FDCB0800090B9E /* Unity-iPhone Tests */ = {
			isa = PBXGroup;
			children = (
				5623C57E17FDCB0900090B9E /* Unity_iPhone_Tests.m */,
				5623C57917FDCB0800090B9E /* Supporting Files */,
			);
			path = "Unity-iPhone Tests";
			sourceTree = "<group>";
		};
		5623C57917FDCB0800090B9E /* Supporting Files */ = {
			isa = PBXGroup;
			children = (
				5623C57A17FDCB0900090B9E /* Unity-iPhone Tests-Info.plist */,
				5623C57B17FDCB0900090B9E /* InfoPlist.strings */,
				5623C58017FDCB0900090B9E /* Unity-iPhone Tests-Prefix.pch */,
			);
			name = "Supporting Files";
			sourceTree = "<group>";
		};
		8A3EDDC51615B7C1001839E9 /* UI */ = {
			isa = PBXGroup;
			children = (
				8A9FCB111617295F00C05364 /* ActivityIndicator.h */,
				8A9FCB121617295F00C05364 /* ActivityIndicator.mm */,
				8A7057D0171EA29600A1332D /* iAD_Scripting.mm */,
				8A07E1041715A5AB000EDC6F /* iAD.h */,
				8A07E1051715A5AB000EDC6F /* iAD.mm */,
				8A142DC41636943E00DD87CA /* Keyboard.h */,
				8A142DC51636943E00DD87CA /* Keyboard.mm */,
				8AC71EC219E7FBA90027502F /* OrientationSupport.h */,
				8AC71EC319E7FBA90027502F /* OrientationSupport.mm */,
				8A3EDDC61615B7C1001839E9 /* SplashScreen.h */,
				8A3EDDC71615B7C1001839E9 /* SplashScreen.mm */,
				8A4815BF17A287D2003FBFD5 /* UnityAppController+ViewHandling.h */,
				8A4815C017A287D2003FBFD5 /* UnityAppController+ViewHandling.mm */,
				8A851BA516FB2F6D00E911DB /* UnityView.h */,
				8A851BA616FB2F6D00E911DB /* UnityView.mm */,
				8A21AED21622F59300AF8007 /* UnityViewControllerBase.h */,
				8A21AED31622F59300AF8007 /* UnityViewControllerBase.mm */,
			);
			path = UI;
			sourceTree = "<group>";
		};
		8A5C148F174E662D0006EB36 /* PluginBase */ = {
			isa = PBXGroup;
			children = (
				8AF7755E17997D1300341121 /* AppDelegateListener.h */,
				8AF7755F17997D1300341121 /* AppDelegateListener.mm */,
				8A292A9717992CE100409BA4 /* LifeCycleListener.h */,
				8A292A9817992CE100409BA4 /* LifeCycleListener.mm */,
				8A5C1490174E662D0006EB36 /* RenderPluginDelegate.h */,
				8A5C1491174E662D0006EB36 /* RenderPluginDelegate.mm */,
				AAFE69D019F187C200638316 /* UnityViewControllerListener.h */,
				AAFE69D119F187C200638316 /* UnityViewControllerListener.mm */,
			);
			path = PluginBase;
			sourceTree = "<group>";
		};
		8AF18FE316490981007B4420 /* Unity */ = {
			isa = PBXGroup;
			children = (
				8ABDBCE019CAFCF700A842FF /* AVCapture.h */,
				8AC74A9419B47FEF00019D38 /* AVCapture.mm */,
				8ADCE38919C87177006F04F6 /* CameraCapture.h */,
				8ADCE38A19C87177006F04F6 /* CameraCapture.mm */,
				8A2AA93316E0978D001FB470 /* CMVideoSampling.h */,
				8A2AA93416E0978D001FB470 /* CMVideoSampling.mm */,
				8A367F5916A6D36F0012ED11 /* CVTextureCache.h */,
				8A367F5A16A6D36F0012ED11 /* CVTextureCache.mm */,
				8ACB801B177081D4005D0019 /* DeviceSettings.mm */,
				8A5E0B8F16849D1800CBB6FE /* DisplayManager.h */,
				8A5E0B9016849D1800CBB6FE /* DisplayManager.mm */,
				8A0FED471649699200E9727D /* EAGLContextHelper.h */,
				8A0FED481649699200E9727D /* EAGLContextHelper.mm */,
				8A25E6D118D767E20006A227 /* Filesystem.mm */,
				8A1FFFAB16512A9000DD0934 /* GlesHelper.h */,
				8A1FFFAC16512A9000DD0934 /* GlesHelper.mm */,
				8A6720A319EEB905006C92E0 /* InternalProfiler.cpp */,
				8A6720A419EEB905006C92E0 /* InternalProfiler.h */,
				1859EA9A19214E7B0022C3D3 /* MetalHelper.mm */,
				8A16150B1A8E4362006FA788 /* MPVideoPlayer.mm */,
				8A6137121A10B57700059EDF /* ObjCRuntime.h */,
				8A6137131A10BCA200059EDF /* ObjCRuntime.mm */,
				8A90541019EE8843003D1039 /* UnityForwardDecls.h */,
				8A851BAB16FC875E00E911DB /* UnityInterface.h */,
				8AECDC781950835600CB29E8 /* UnityMetalSupport.h */,
				8AA108C01948732900D0538B /* UnityRendering.h */,
				8AB3CB3C16D390BA00697AD5 /* VideoPlayer.h */,
				8AB3CB3D16D390BB00697AD5 /* VideoPlayer.mm */,
				8AA568AC1827DD79004969C7 /* WWWConnection.h */,
				8AA568AD1827DD79004969C7 /* WWWConnection.mm */,
			);
			path = Unity;
			sourceTree = "<group>";
		};
		9C214AE08E3CA0233C24AA1B /* Metadata */ = {
			isa = PBXGroup;
			children = (
				B7064F149C3D172258BDB266 /* global-metadata.dat */,
			);
			path = Metadata;
			sourceTree = "<group>";
		};
		D82DCFB50E8000A5005D6AD8 /* Classes */ = {
			isa = PBXGroup;
			children = (
				8A5C148F174E662D0006EB36 /* PluginBase */,
				8A3EDDC51615B7C1001839E9 /* UI */,
				8AF18FE316490981007B4420 /* Unity */,
				FC3D7EBE16D2621600D1BD0D /* CrashReporter.h */,
				FC85CCB916C3ED8000BAF7C7 /* CrashReporter.mm */,
				56DBF99E15E3CE85007A4A8D /* iPhone_Sensors.h */,
				56DBF99C15E3CDC9007A4A8D /* iPhone_Sensors.mm */,
				D82DCFBB0E8000A5005D6AD8 /* main.mm */,
				FC85CCBA16C3ED8000BAF7C7 /* PLCrashReporter.h */,
				8A6720A619EFAF25006C92E0 /* Prefix.pch */,
				8ACB801D177081F7005D0019 /* Preprocessor.h */,
				8A851BA816FB3AD000E911DB /* UnityAppController.h */,
				8A851BA916FB3AD000E911DB /* UnityAppController.mm */,
				8AA5D80017ABE9AF007B9910 /* UnityAppController+Rendering.h */,
				8AA5D80117ABE9AF007B9910 /* UnityAppController+Rendering.mm */,
				8A8D90D81A274A7800456C4E /* UnityAppController+UnityInterface.h */,
				8A8D90D91A274A7800456C4E /* UnityAppController+UnityInterface.mm */,
				8AA6ADDB17818CFD00A1C5F1 /* UnityTrampolineConfigure.h */,
			);
			path = Classes;
			sourceTree = SOURCE_ROOT;
		};
		D8A1C7220E80637F000160D3 /* Libraries */ = {
			isa = PBXGroup;
			children = (
				AAC3E38B1A68945900F6174A /* RegisterFeatures.cpp */,
				AAC3E38C1A68945900F6174A /* RegisterFeatures.h */,
				D8A1C7240E80637F000160D3 /* RegisterMonoModules.cpp */,
				D8A1C7250E80637F000160D3 /* RegisterMonoModules.h */,
				03F528621B447098000F4FB8 /* Il2CppOptions.cpp */,
				F12444D180E56348BB0D3ADC /* libiPhone-lib.a */,
			);
			path = Libraries;
			sourceTree = SOURCE_ROOT;
		};
/* End PBXGroup section */

/* Begin PBXNativeTarget section */
		1D6058900D05DD3D006BFB54 /* Unity-iPhone */ = {
			isa = PBXNativeTarget;
			buildConfigurationList = 1D6058960D05DD3E006BFB54 /* Build configuration list for PBXNativeTarget "Unity-iPhone" */;
			buildPhases = (
				1D60588D0D05DD3D006BFB54 /* Resources */,
				83D0C1FB0E6C8D5900EBCE5D /* ShellScript */,
				83D0C1FD0E6C8D7700EBCE5D /* CopyFiles */,
				1D60588E0D05DD3D006BFB54 /* Sources */,
				1D60588F0D05DD3D006BFB54 /* Frameworks */,
				033966F41B18B03000ECD701 /* ShellScript */,
			);
			buildRules = (
			);
			dependencies = (
			);
			name = "Unity-iPhone";
			productName = "iPhone-target";
			productReference = 1D6058910D05DD3D006BFB54 /* ProductName.app */;
			productType = "com.apple.product-type.application";
		};
		5623C57217FDCB0800090B9E /* Unity-iPhone Tests */ = {
			isa = PBXNativeTarget;
			buildConfigurationList = 5623C58517FDCB0900090B9E /* Build configuration list for PBXNativeTarget "Unity-iPhone Tests" */;
			buildPhases = (
				5623C56F17FDCB0800090B9E /* Sources */,
				5623C57017FDCB0800090B9E /* Frameworks */,
				5623C57117FDCB0800090B9E /* Resources */,
			);
			buildRules = (
			);
			dependencies = (
				5623C58217FDCB0900090B9E /* PBXTargetDependency */,
			);
			name = "Unity-iPhone Tests";
			productName = "Unity-iPhone Tests";
			productReference = 5623C57317FDCB0800090B9E /* ProductName.octest */;
			productType = "com.apple.product-type.bundle.ocunit-test";
		};
/* End PBXNativeTarget section */

/* Begin PBXProject section */
		29B97313FDCFA39411CA2CEA /* Project object */ = {
			isa = PBXProject;
			attributes = {
				TargetAttributes = {
					5623C57217FDCB0800090B9E = {
						TestTargetID = 1D6058900D05DD3D006BFB54;
					};
				};
			};
			buildConfigurationList = C01FCF4E08A954540054247B /* Build configuration list for PBXProject "Unity-iPhone" */;
			compatibilityVersion = "Xcode 3.2";
			developmentRegion = English;
			hasScannedForEncodings = 1;
			knownRegions = (
				English,
				Japanese,
				French,
				German,
				en,
				Base,
			);
			mainGroup = 29B97314FDCFA39411CA2CEA /* CustomTemplate */;
			projectDirPath = "";
			projectRoot = "";
			targets = (
				1D6058900D05DD3D006BFB54 /* Unity-iPhone */,
				5623C57217FDCB0800090B9E /* Unity-iPhone Tests */,
			);
		};
/* End PBXProject section */

/* Begin PBXResourcesBuildPhase section */
		1D60588D0D05DD3D006BFB54 /* Resources */ = {
			isa = PBXResourcesBuildPhase;
			buildActionMask = 2147483647;
			files = (
				56C56C9817D6015200616839 /* Images.xcassets in Resources */,
				A8984A1F998D6999B10F1EE2 /* LaunchScreen.xib in Resources */,
				596F4C3F9FD08D1BFE3CFF0A /* LaunchScreenImage-Portrait.png in Resources */,
				28F26DDA1B9B37DF00C5D712 /* UnityParentViewController.xib in Resources */,
				7EDD4F998840EC14D1626273 /* LaunchScreenImage-Landscape.png in Resources */,
			);
			runOnlyForDeploymentPostprocessing = 0;
		};
		5623C57117FDCB0800090B9E /* Resources */ = {
			isa = PBXResourcesBuildPhase;
			buildActionMask = 2147483647;
			files = (
				5623C57D17FDCB0900090B9E /* InfoPlist.strings in Resources */,
			);
			runOnlyForDeploymentPostprocessing = 0;
		};
/* End PBXResourcesBuildPhase section */

/* Begin PBXShellScriptBuildPhase section */
		033966F41B18B03000ECD701 /* ShellScript */ = {
			isa = PBXShellScriptBuildPhase;
			buildActionMask = 2147483647;
			files = (
			);
			inputPaths = (
			);
			outputPaths = (
			);
			runOnlyForDeploymentPostprocessing = 0;
			shellPath = /bin/sh;
			shellScript = "if [ \"$UNITY_SCRIPTING_BACKEND\" = \"il2cpp\" ]\nthen\n    if [ -f \"$PROJECT_DIR/MapFileParser\" ]\n    then\n        if [[ $ARCHS == *\"armv7\"* ]]\n        then\n            \"$PROJECT_DIR/MapFileParser\" -format=Clang \"$TARGET_TEMP_DIR/$PRODUCT_NAME-LinkMap-$CURRENT_VARIANT-armv7.txt\" \"$BUILD_DIR/$CONFIGURATION$EFFECTIVE_PLATFORM_NAME/$PRODUCT_NAME.app/Data/Managed/SymbolMap-32\"\n        fi\n        if [[ $ARCHS == *\"arm64\"* ]]\n        then\n            \"$PROJECT_DIR/MapFileParser\" -format=Clang \"$TARGET_TEMP_DIR/$PRODUCT_NAME-LinkMap-$CURRENT_VARIANT-arm64.txt\" \"$BUILD_DIR/$CONFIGURATION$EFFECTIVE_PLATFORM_NAME/$PRODUCT_NAME.app/Data/Managed/SymbolMap-64\"\n        fi\n    else\n        echo \"The MapFileParser utility was not found in the directory '$PROJECT_DIR'. Managed stack traces may not be reported correctly. This usually happens when the Unity project is built with a Windows editor, then the Xcode project is copied to OSX to build for the target device. You can work around this issue by manually copying the MapFileParser executable from an OSX installation of the Unity editor into the '$PROJECT_DIR' directory.\"\n    fi\nfi";
		};
		83D0C1FB0E6C8D5900EBCE5D /* ShellScript */ = {
			isa = PBXShellScriptBuildPhase;
			buildActionMask = 2147483647;
			files = (
			);
			inputPaths = (
			);
			outputPaths = (
			);
			runOnlyForDeploymentPostprocessing = 0;
			shellPath = /bin/sh;
			shellScript = "rm -rf \"$TARGET_BUILD_DIR/$PRODUCT_NAME.app/Data\"\ncp -Rf \"$PROJECT_DIR/Data\" \"$TARGET_BUILD_DIR/$PRODUCT_NAME.app/Data\"";
		};
/* End PBXShellScriptBuildPhase section */

/* Begin PBXSourcesBuildPhase section */
		1D60588E0D05DD3D006BFB54 /* Sources */ = {
			isa = PBXSourcesBuildPhase;
			buildActionMask = 2147483647;
			files = (
				D82DCFC30E8000A5005D6AD8 /* main.mm in Sources */,
				D8A1C7280E80637F000160D3 /* RegisterMonoModules.cpp in Sources */,
				8AA568AE1827DD79004969C7 /* WWWConnection.mm in Sources */,
				56DBF99D15E3CDC9007A4A8D /* iPhone_Sensors.mm in Sources */,
				8A3EDDC81615B7C1001839E9 /* SplashScreen.mm in Sources */,
				8AC71EC419E7FBA90027502F /* OrientationSupport.mm in Sources */,
				8A9FCB131617295F00C05364 /* ActivityIndicator.mm in Sources */,
				8A8D90DA1A274A7800456C4E /* UnityAppController+UnityInterface.mm in Sources */,
				28F26DD91B9B37DF00C5D712 /* UnityParentViewController.m in Sources */,
				8AA5D80217ABE9AF007B9910 /* UnityAppController+Rendering.mm in Sources */,
				8A21AED41622F59300AF8007 /* UnityViewControllerBase.mm in Sources */,
				8A142DC61636943E00DD87CA /* Keyboard.mm in Sources */,
				8A0FED491649699200E9727D /* EAGLContextHelper.mm in Sources */,
				AAFE69D219F187C200638316 /* UnityViewControllerListener.mm in Sources */,
				8A1FFFAD16512A9000DD0934 /* GlesHelper.mm in Sources */,
				8A5E0B9116849D1800CBB6FE /* DisplayManager.mm in Sources */,
				8A367F5B16A6D36F0012ED11 /* CVTextureCache.mm in Sources */,
				1859EA9B19214E7B0022C3D3 /* MetalHelper.mm in Sources */,
				8A16150C1A8E4362006FA788 /* MPVideoPlayer.mm in Sources */,
				FC85CCBB16C3ED8000BAF7C7 /* CrashReporter.mm in Sources */,
				8AB3CB3E16D390BB00697AD5 /* VideoPlayer.mm in Sources */,
				8A2AA93516E0978D001FB470 /* CMVideoSampling.mm in Sources */,
				8A851BA716FB2F6D00E911DB /* UnityView.mm in Sources */,
				8A851BAA16FB3AD000E911DB /* UnityAppController.mm in Sources */,
				8AC74A9519B47FEF00019D38 /* AVCapture.mm in Sources */,
				8A6720A519EEB905006C92E0 /* InternalProfiler.cpp in Sources */,
				8A6137141A10BCA200059EDF /* ObjCRuntime.mm in Sources */,
				8ADCE38B19C87177006F04F6 /* CameraCapture.mm in Sources */,
				8A4815C117A28E7F003FBFD5 /* UnityAppController+ViewHandling.mm in Sources */,
				8A07E1061715A5AB000EDC6F /* iAD.mm in Sources */,
				8A7057D1171EA29600A1332D /* iAD_Scripting.mm in Sources */,
				8A25E6D218D767E20006A227 /* Filesystem.mm in Sources */,
				8AF7755D1799329100341121 /* LifeCycleListener.mm in Sources */,
				8A5C1492174E662D0006EB36 /* RenderPluginDelegate.mm in Sources */,
				8AF7756017997D2700341121 /* AppDelegateListener.mm in Sources */,
				AAC3E38D1A68945900F6174A /* RegisterFeatures.cpp in Sources */,
				8ACB801C177081D4005D0019 /* DeviceSettings.mm in Sources */,
				03F528631B447098000F4FB8 /* Il2CppOptions.cpp in Sources */,
				4BF2486C8E6358B743EC3892 /* Bulk_Generics_0.cpp in Sources */,
				17CB408B862592FD9AC9314A /* Bulk_Generics_1.cpp in Sources */,
				B58D402BB96CAC1B247AA3FA /* Bulk_Generics_2.cpp in Sources */,
				3FBA4EC4BB76089342C2FC62 /* Bulk_Generics_3.cpp in Sources */,
				B3604F9A84CD4BF50DF19C32 /* Bulk_Generics_4.cpp in Sources */,
				AA4B4FB1B2C9D927FDD37A9E /* Bulk_Generics_5.cpp in Sources */,
				38A746C69886203D6CB1111F /* Bulk_Mono.Security_0.cpp in Sources */,
				21FF4639BF32CF02D13B0C03 /* Bulk_Mono.Security_1.cpp in Sources */,
				484B43ADADC4204C2F0812CD /* Bulk_System.Core_0.cpp in Sources */,
				87DE4F368DC416D59F3E88B3 /* Bulk_System_0.cpp in Sources */,
				28F26DD21B9B36F200C5D712 /* AppDelegate.m in Sources */,
				C37247F3B091E8D70E8DE66D /* Bulk_System_1.cpp in Sources */,
				ED5A487C8A6908E4DAD417A5 /* Bulk_UnityEngine_0.cpp in Sources */,
				A2704950A4888FFF29D6E9E0 /* Bulk_UnityEngine_1.cpp in Sources */,
				C6CD4578BE4D5F18C844AE30 /* Bulk_UnityEngine_2.cpp in Sources */,
				4855458C83A33E1F08F065E3 /* Bulk_mscorlib_0.cpp in Sources */,
				08E14576AABBEE4CB6977B80 /* Bulk_mscorlib_1.cpp in Sources */,
				9EAF4529B38F9FBDB3FC12B7 /* Bulk_mscorlib_2.cpp in Sources */,
				283844A39581DF868D88B59D /* Bulk_mscorlib_3.cpp in Sources */,
				5DA5490CADCF983530EF20FA /* Bulk_mscorlib_4.cpp in Sources */,
				8D92456C981354067741CE5F /* Bulk_mscorlib_5.cpp in Sources */,
				F25C485FB32B6BB9D060FE47 /* Bulk_mscorlib_6.cpp in Sources */,
				CF83439082451EC2AEE7FA23 /* Bulk_mscorlib_7.cpp in Sources */,
				B15E4E6291EA475148C4B85F /* GenericMethods0.cpp in Sources */,
				9ABE4688B27C99CF1A9A53B9 /* Il2CppAttributes.cpp in Sources */,
				56DA41F1A99B4F2F4E699241 /* Il2CppCodeRegistration.cpp in Sources */,
				88074BA3B84EAC3868F078B8 /* Il2CppCompilerCalculateTypeValuesTable.cpp in Sources */,
				4045453DA3688DA63923425C /* Il2CppDelegateWrappersManagedToNativeTable.cpp in Sources */,
				F52E4B579FBBA5491953B867 /* Il2CppGenericClassTable.cpp in Sources */,
				1F244699A98849639A351FDD /* Il2CppGenericInstDefinitions.cpp in Sources */,
				A369468DBBA6B84C2212274D /* Il2CppGenericMethodDefinitions.cpp in Sources */,
				EC4A4A0EBCECBD47A07D03D4 /* Il2CppGenericMethodPointerTable.cpp in Sources */,
				A31F472BBB1E5307CD2224F1 /* Il2CppGenericMethodTable.cpp in Sources */,
				9C8C476E951D93FF39E3D6CE /* Il2CppInvokerTable.cpp in Sources */,
				62A34B96B061090ECE958886 /* Il2CppMarshalingFunctionsTable.cpp in Sources */,
				39B8424996B0FB6F4EE6D9A1 /* Il2CppMetadataRegistration.cpp in Sources */,
				AD78457B836A6F352A6971B1 /* Il2CppMetadataUsage.cpp in Sources */,
				DFE34CF09CAA67491FF22822 /* Il2CppMethodPointerTable.cpp in Sources */,
				1C9747178668ABAAC1DEF465 /* Il2CppMethodReferences.cpp in Sources */,
				14284739BFA13A24F5B6CFBE /* Il2CppTypeDefinitions.cpp in Sources */,
				497D4E37AF12E2D7D13D8DBB /* UnityClassRegistration.cpp in Sources */,
				B0A5404E8177463915E0CEF0 /* UnityICallRegistration.cpp in Sources */,
			);
			runOnlyForDeploymentPostprocessing = 0;
		};
		5623C56F17FDCB0800090B9E /* Sources */ = {
			isa = PBXSourcesBuildPhase;
			buildActionMask = 2147483647;
			files = (
				5623C57F17FDCB0900090B9E /* Unity_iPhone_Tests.m in Sources */,
			);
			runOnlyForDeploymentPostprocessing = 0;
		};
/* End PBXSourcesBuildPhase section */

/* Begin PBXTargetDependency section */
		5623C58217FDCB0900090B9E /* PBXTargetDependency */ = {
			isa = PBXTargetDependency;
			target = 1D6058900D05DD3D006BFB54 /* Unity-iPhone */;
			targetProxy = 5623C58117FDCB0900090B9E /* PBXContainerItemProxy */;
		};
/* End PBXTargetDependency section */

/* Begin PBXVariantGroup section */
		5623C57B17FDCB0900090B9E /* InfoPlist.strings */ = {
			isa = PBXVariantGroup;
			children = (
				5623C57C17FDCB0900090B9E /* en */,
			);
			name = InfoPlist.strings;
			sourceTree = "<group>";
		};
/* End PBXVariantGroup section */

/* Begin XCBuildConfiguration section */
		1D6058940D05DD3E006BFB54 /* Debug */ = {
			isa = XCBuildConfiguration;
			buildSettings = {
				ALWAYS_SEARCH_USER_PATHS = NO;
				ARCHS = (
					armv7,
					arm64,
				);
				ASSETCATALOG_COMPILER_APPICON_NAME = AppIcon;
				ASSETCATALOG_COMPILER_LAUNCHIMAGE_NAME = LaunchImage;
				CLANG_CXX_LANGUAGE_STANDARD = "c++0x";
				CLANG_CXX_LIBRARY = "libc++";
				CLANG_ENABLE_OBJC_ARC = YES;
				CLANG_WARN_DEPRECATED_OBJC_IMPLEMENTATIONS = YES;
				COPY_PHASE_STRIP = NO;
				FRAMEWORK_SEARCH_PATHS = "$(inherited)";
				GCC_DYNAMIC_NO_PIC = NO;
				GCC_ENABLE_CPP_EXCEPTIONS = YES;
				GCC_OPTIMIZATION_LEVEL = 0;
				GCC_PRECOMPILE_PREFIX_HEADER = YES;
				GCC_PREFIX_HEADER = Classes/Prefix.pch;
				GCC_USE_INDIRECT_FUNCTION_CALLS = NO;
				HEADER_SEARCH_PATHS = (
					"\"$(SRCROOT)/Classes\"",
					"\"$(SRCROOT)\"",
					"$(SRCROOT)/Classes/Native",
					"$(SRCROOT)/Libraries/bdwgc/include",
					"$(SRCROOT)/il2cpp_output",
					"$(SRCROOT)/Libraries/libil2cpp/include",
				);
				INFOPLIST_FILE = Info.plist;
				IPHONEOS_DEPLOYMENT_TARGET = 6.0;
				LD_GENERATE_MAP_FILE = YES;
				LIBRARY_SEARCH_PATHS = (
					"$(inherited)",
					"\"$(SRCROOT)\"",
					"\"$(SRCROOT)/Libraries\"",
				);
				ONLY_ACTIVE_ARCH = YES;
				OTHER_CFLAGS = "-DINIT_SCRIPTING_BACKEND=1";
				OTHER_LDFLAGS = (
					"-weak_framework",
					CoreMotion,
					"-weak-lSystem",
				);
				PRODUCT_NAME = ProductName;
				SDKROOT = iphoneos;
				SUPPORTED_PLATFORMS = iphoneos;
				TARGETED_DEVICE_FAMILY = "1,2";
				UNITY_RUNTIME_VERSION = 5.1.3f1;
				UNITY_SCRIPTING_BACKEND = il2cpp;
			};
			name = Debug;
		};
		1D6058950D05DD3E006BFB54 /* Release */ = {
			isa = XCBuildConfiguration;
			buildSettings = {
				ALWAYS_SEARCH_USER_PATHS = NO;
				ARCHS = (
					armv7,
					arm64,
				);
				ASSETCATALOG_COMPILER_APPICON_NAME = AppIcon;
				ASSETCATALOG_COMPILER_LAUNCHIMAGE_NAME = LaunchImage;
				CLANG_CXX_LANGUAGE_STANDARD = "c++0x";
				CLANG_CXX_LIBRARY = "libc++";
				CLANG_ENABLE_OBJC_ARC = YES;
				CLANG_WARN_DEPRECATED_OBJC_IMPLEMENTATIONS = YES;
				COPY_PHASE_STRIP = YES;
				FRAMEWORK_SEARCH_PATHS = "$(inherited)";
				GCC_ENABLE_CPP_EXCEPTIONS = YES;
				GCC_PRECOMPILE_PREFIX_HEADER = YES;
				GCC_PREFIX_HEADER = Classes/Prefix.pch;
				HEADER_SEARCH_PATHS = (
					"\"$(SRCROOT)/Classes\"",
					"\"$(SRCROOT)\"",
					"$(SRCROOT)/Classes/Native",
					"$(SRCROOT)/Libraries/bdwgc/include",
					"$(SRCROOT)/il2cpp_output",
					"$(SRCROOT)/Libraries/libil2cpp/include",
				);
				INFOPLIST_FILE = Info.plist;
				IPHONEOS_DEPLOYMENT_TARGET = 6.0;
				LD_GENERATE_MAP_FILE = YES;
				LIBRARY_SEARCH_PATHS = (
					"$(inherited)",
					"\"$(SRCROOT)\"",
					"\"$(SRCROOT)/Libraries\"",
				);
				ONLY_ACTIVE_ARCH = NO;
				OTHER_CFLAGS = "-DINIT_SCRIPTING_BACKEND=1";
				OTHER_LDFLAGS = (
					"-weak_framework",
					CoreMotion,
					"-weak-lSystem",
				);
				PRODUCT_NAME = ProductName;
				SDKROOT = iphoneos;
				SUPPORTED_PLATFORMS = iphoneos;
				TARGETED_DEVICE_FAMILY = "1,2";
				UNITY_RUNTIME_VERSION = 5.1.3f1;
				UNITY_SCRIPTING_BACKEND = il2cpp;
			};
			name = Release;
		};
		5623C58317FDCB0900090B9E /* Release */ = {
			isa = XCBuildConfiguration;
			buildSettings = {
				ALWAYS_SEARCH_USER_PATHS = NO;
				ARCHS = (
					armv7,
					arm64,
				);
				BUNDLE_LOADER = "$(BUILD_DIR)/$(CONFIGURATION)$(EFFECTIVE_PLATFORM_NAME)/$(PRODUCT_NAME).app/$(PRODUCT_NAME)";
				CLANG_CXX_LANGUAGE_STANDARD = "gnu++0x";
				CLANG_CXX_LIBRARY = "libc++";
				CLANG_ENABLE_MODULES = YES;
				CLANG_ENABLE_OBJC_ARC = YES;
				CLANG_WARN_BOOL_CONVERSION = YES;
				CLANG_WARN_CONSTANT_CONVERSION = YES;
				CLANG_WARN_DIRECT_OBJC_ISA_USAGE = YES_ERROR;
				CLANG_WARN_EMPTY_BODY = YES;
				CLANG_WARN_ENUM_CONVERSION = YES;
				CLANG_WARN_INT_CONVERSION = YES;
				CLANG_WARN_OBJC_ROOT_CLASS = YES_ERROR;
				CLANG_WARN__DUPLICATE_METHOD_MATCH = YES;
				COPY_PHASE_STRIP = YES;
				ENABLE_NS_ASSERTIONS = NO;
				FRAMEWORK_SEARCH_PATHS = "$(inherited)";
				GCC_C_LANGUAGE_STANDARD = gnu99;
				GCC_PRECOMPILE_PREFIX_HEADER = YES;
				GCC_PREFIX_HEADER = "Unity-iPhone Tests/Unity-iPhone Tests-Prefix.pch";
				GCC_WARN_64_TO_32_BIT_CONVERSION = YES;
				GCC_WARN_ABOUT_RETURN_TYPE = YES_ERROR;
				GCC_WARN_UNDECLARED_SELECTOR = YES;
				GCC_WARN_UNINITIALIZED_AUTOS = YES;
				GCC_WARN_UNUSED_FUNCTION = YES;
				INFOPLIST_FILE = "Unity-iPhone Tests/Unity-iPhone Tests-Info.plist";
				IPHONEOS_DEPLOYMENT_TARGET = 6.0;
				LD_GENERATE_MAP_FILE = YES;
				PRODUCT_NAME = ProductName;
				SDKROOT = iphoneos;
				SUPPORTED_PLATFORMS = iphoneos;
				TARGETED_DEVICE_FAMILY = "1,2";
				TEST_HOST = "$(BUNDLE_LOADER)";
				UNITY_RUNTIME_VERSION = 5.1.3f1;
				UNITY_SCRIPTING_BACKEND = il2cpp;
				VALIDATE_PRODUCT = YES;
				WRAPPER_EXTENSION = octest;
			};
			name = Release;
		};
		5623C58417FDCB0900090B9E /* Debug */ = {
			isa = XCBuildConfiguration;
			buildSettings = {
				ALWAYS_SEARCH_USER_PATHS = NO;
				ARCHS = (
					armv7,
					arm64,
				);
				BUNDLE_LOADER = "$(BUILD_DIR)/$(CONFIGURATION)$(EFFECTIVE_PLATFORM_NAME)/$(PRODUCT_NAME).app/$(PRODUCT_NAME)";
				CLANG_CXX_LANGUAGE_STANDARD = "gnu++0x";
				CLANG_CXX_LIBRARY = "libc++";
				CLANG_ENABLE_MODULES = YES;
				CLANG_ENABLE_OBJC_ARC = YES;
				CLANG_WARN_BOOL_CONVERSION = YES;
				CLANG_WARN_CONSTANT_CONVERSION = YES;
				CLANG_WARN_DIRECT_OBJC_ISA_USAGE = YES_ERROR;
				CLANG_WARN_EMPTY_BODY = YES;
				CLANG_WARN_ENUM_CONVERSION = YES;
				CLANG_WARN_INT_CONVERSION = YES;
				CLANG_WARN_OBJC_ROOT_CLASS = YES_ERROR;
				CLANG_WARN__DUPLICATE_METHOD_MATCH = YES;
				COPY_PHASE_STRIP = NO;
				FRAMEWORK_SEARCH_PATHS = "$(inherited)";
				GCC_C_LANGUAGE_STANDARD = gnu99;
				GCC_DYNAMIC_NO_PIC = NO;
				GCC_OPTIMIZATION_LEVEL = 0;
				GCC_PRECOMPILE_PREFIX_HEADER = YES;
				GCC_PREFIX_HEADER = "Unity-iPhone Tests/Unity-iPhone Tests-Prefix.pch";
				GCC_PREPROCESSOR_DEFINITIONS = (
					"DEBUG=1",
					"$(inherited)",
				);
				GCC_SYMBOLS_PRIVATE_EXTERN = NO;
				GCC_WARN_64_TO_32_BIT_CONVERSION = YES;
				GCC_WARN_ABOUT_RETURN_TYPE = YES_ERROR;
				GCC_WARN_UNDECLARED_SELECTOR = YES;
				GCC_WARN_UNINITIALIZED_AUTOS = YES;
				GCC_WARN_UNUSED_FUNCTION = YES;
				INFOPLIST_FILE = "Unity-iPhone Tests/Unity-iPhone Tests-Info.plist";
				IPHONEOS_DEPLOYMENT_TARGET = 6.0;
				LD_GENERATE_MAP_FILE = YES;
				ONLY_ACTIVE_ARCH = YES;
				PRODUCT_NAME = ProductName;
				SDKROOT = iphoneos;
				SUPPORTED_PLATFORMS = iphoneos;
				TARGETED_DEVICE_FAMILY = "1,2";
				TEST_HOST = "$(BUNDLE_LOADER)";
				UNITY_RUNTIME_VERSION = 5.1.3f1;
				UNITY_SCRIPTING_BACKEND = il2cpp;
				WRAPPER_EXTENSION = octest;
			};
			name = Debug;
		};
		C01FCF4F08A954540054247B /* Debug */ = {
			isa = XCBuildConfiguration;
			buildSettings = {
				ARCHS = armv7;
				"CODE_SIGN_IDENTITY[sdk=iphoneos*]" = "iPhone Developer";
				DEBUG_INFORMATION_FORMAT = dwarf;
				GCC_C_LANGUAGE_STANDARD = c99;
				GCC_ENABLE_CPP_EXCEPTIONS = NO;
				GCC_ENABLE_CPP_RTTI = NO;
				GCC_ENABLE_OBJC_EXCEPTIONS = NO;
				GCC_THUMB_SUPPORT = NO;
				GCC_USE_INDIRECT_FUNCTION_CALLS = YES;
				GCC_WARN_ABOUT_RETURN_TYPE = YES;
				GCC_WARN_UNUSED_VARIABLE = YES;
				ONLY_ACTIVE_ARCH = NO;
				OTHER_LDFLAGS = "";
				SDKROOT = iphoneos;
				SUPPORTED_PLATFORMS = iphoneos;
			};
			name = Debug;
		};
		C01FCF5008A954540054247B /* Release */ = {
			isa = XCBuildConfiguration;
			buildSettings = {
				ARCHS = armv7;
				"CODE_SIGN_IDENTITY[sdk=iphoneos*]" = "iPhone Developer";
				GCC_C_LANGUAGE_STANDARD = c99;
				GCC_ENABLE_CPP_EXCEPTIONS = NO;
				GCC_ENABLE_CPP_RTTI = NO;
				GCC_ENABLE_OBJC_EXCEPTIONS = NO;
				GCC_THUMB_SUPPORT = NO;
				GCC_USE_INDIRECT_FUNCTION_CALLS = NO;
				GCC_WARN_ABOUT_RETURN_TYPE = YES;
				GCC_WARN_UNUSED_VARIABLE = YES;
				SDKROOT = iphoneos;
				SUPPORTED_PLATFORMS = iphoneos;
			};
			name = Release;
		};
/* End XCBuildConfiguration section */

/* Begin XCConfigurationList section */
		1D6058960D05DD3E006BFB54 /* Build configuration list for PBXNativeTarget "Unity-iPhone" */ = {
			isa = XCConfigurationList;
			buildConfigurations = (
				1D6058950D05DD3E006BFB54 /* Release */,
				1D6058940D05DD3E006BFB54 /* Debug */,
			);
			defaultConfigurationIsVisible = 0;
			defaultConfigurationName = Release;
		};
		5623C58517FDCB0900090B9E /* Build configuration list for PBXNativeTarget "Unity-iPhone Tests" */ = {
			isa = XCConfigurationList;
			buildConfigurations = (
				5623C58317FDCB0900090B9E /* Release */,
				5623C58417FDCB0900090B9E /* Debug */,
			);
			defaultConfigurationIsVisible = 0;
			defaultConfigurationName = Release;
		};
		C01FCF4E08A954540054247B /* Build configuration list for PBXProject "Unity-iPhone" */ = {
			isa = XCConfigurationList;
			buildConfigurations = (
				C01FCF5008A954540054247B /* Release */,
				C01FCF4F08A954540054247B /* Debug */,
			);
			defaultConfigurationIsVisible = 0;
			defaultConfigurationName = Release;
		};
/* End XCConfigurationList section */
	};
	rootObject = 29B97313FDCFA39411CA2CEA /* Project object */;
}
